// !$*UTF8*$!
{
	archiveVersion = 1;
	classes = {
	};
	objectVersion = 50;
	objects = {

/* Begin PBXBuildFile section */
		8B136368223964E700ACB0B2 /* SearchResultsController.swift in Sources */ = {isa = PBXBuildFile; fileRef = 8B136367223964E700ACB0B2 /* SearchResultsController.swift */; };
		8B13636C224040ED00ACB0B2 /* ClusterAnnotationView.swift in Sources */ = {isa = PBXBuildFile; fileRef = 8B13636B224040ED00ACB0B2 /* ClusterAnnotationView.swift */; };
		8B13636E2240498400ACB0B2 /* CrimeAnnotationView.swift in Sources */ = {isa = PBXBuildFile; fileRef = 8B13636D2240498400ACB0B2 /* CrimeAnnotationView.swift */; };
		8B155EBC21F1319C00783C23 /* AppDelegate.swift in Sources */ = {isa = PBXBuildFile; fileRef = 8B155EBB21F1319C00783C23 /* AppDelegate.swift */; };
		8B155EC421F1319C00783C23 /* Police.xcdatamodeld in Sources */ = {isa = PBXBuildFile; fileRef = 8B155EC221F1319C00783C23 /* Police.xcdatamodeld */; };
		8B155EC621F1319F00783C23 /* Assets.xcassets in Resources */ = {isa = PBXBuildFile; fileRef = 8B155EC521F1319F00783C23 /* Assets.xcassets */; };
		8B155EC921F131A000783C23 /* LaunchScreen.storyboard in Resources */ = {isa = PBXBuildFile; fileRef = 8B155EC721F131A000783C23 /* LaunchScreen.storyboard */; };
		8B1A2F2F2238139E0022F6C0 /* Main.storyboard in Resources */ = {isa = PBXBuildFile; fileRef = 8B1A2F2D2238139E0022F6C0 /* Main.storyboard */; };
		8B1A2F32223813AE0022F6C0 /* MapViewController.swift in Sources */ = {isa = PBXBuildFile; fileRef = 8B1A2F30223813AE0022F6C0 /* MapViewController.swift */; };
		8B1A2F33223813AE0022F6C0 /* MapViewModel.swift in Sources */ = {isa = PBXBuildFile; fileRef = 8B1A2F31223813AE0022F6C0 /* MapViewModel.swift */; };
		8B1A2F35223AB4AF0022F6C0 /* StoryboardHelper.swift in Sources */ = {isa = PBXBuildFile; fileRef = 8B1A2F34223AB4AF0022F6C0 /* StoryboardHelper.swift */; };
		8B3DD0162219B06400B98FE5 /* NeighbourhoodEdited.json in Resources */ = {isa = PBXBuildFile; fileRef = 8B3DD0152219B06400B98FE5 /* NeighbourhoodEdited.json */; };
		8B3DD01A221A2FEC00B98FE5 /* Events.json in Resources */ = {isa = PBXBuildFile; fileRef = 8B3DD019221A2FEC00B98FE5 /* Events.json */; };
		8B3F604121F790CA001D6651 /* CoreDataManager.swift in Sources */ = {isa = PBXBuildFile; fileRef = 8B3F604021F790CA001D6651 /* CoreDataManager.swift */; };
		8B3F604F2200B894001D6651 /* SwiftyJSON.framework in Frameworks */ = {isa = PBXBuildFile; fileRef = 8B3F604C2200A1BC001D6651 /* SwiftyJSON.framework */; };
		8B56E2A92207548C0061D1CF /* CoreDataModelTest.swift in Sources */ = {isa = PBXBuildFile; fileRef = 8B56E2A82207548C0061D1CF /* CoreDataModelTest.swift */; };
		8B56E2AC220758260061D1CF /* CoreDataProtocols.swift in Sources */ = {isa = PBXBuildFile; fileRef = 8B56E2AB220758260061D1CF /* CoreDataProtocols.swift */; };
		8B56E2AE2207626F0061D1CF /* UpdateProcessor.swift in Sources */ = {isa = PBXBuildFile; fileRef = 8B56E2AD2207626F0061D1CF /* UpdateProcessor.swift */; };
		8B56E2B022077A620061D1CF /* Crime.json in Resources */ = {isa = PBXBuildFile; fileRef = 8B56E2AF22077A620061D1CF /* Crime.json */; };
		8B56E2B222077D1E0061D1CF /* CrimeEdited.json in Resources */ = {isa = PBXBuildFile; fileRef = 8B56E2B122077D1E0061D1CF /* CrimeEdited.json */; };
		8B5A492722274D6400AC389F /* StopAndSearchEdited.json in Resources */ = {isa = PBXBuildFile; fileRef = 8B5A492622274D6400AC389F /* StopAndSearchEdited.json */; };
		8B5EF4622242B7CF006C47D4 /* ModelProtocols.swift in Sources */ = {isa = PBXBuildFile; fileRef = 8B5EF4612242B7CF006C47D4 /* ModelProtocols.swift */; };
		8B7827E3221B72E4008DE3E0 /* AllContacts.json in Resources */ = {isa = PBXBuildFile; fileRef = 8B7827E2221B72E4008DE3E0 /* AllContacts.json */; };
		8B7827E5221B74DC008DE3E0 /* PartialContacts.json in Resources */ = {isa = PBXBuildFile; fileRef = 8B7827E4221B74DC008DE3E0 /* PartialContacts.json */; };
		8B7827E7221CAB52008DE3E0 /* Priorities.json in Resources */ = {isa = PBXBuildFile; fileRef = 8B7827E6221CAB52008DE3E0 /* Priorities.json */; };
		8B7827E9221CC411008DE3E0 /* NSDate+Utils.swift in Sources */ = {isa = PBXBuildFile; fileRef = 8B7827E8221CC411008DE3E0 /* NSDate+Utils.swift */; };
		8B7827EB221DC170008DE3E0 /* Officers.json in Resources */ = {isa = PBXBuildFile; fileRef = 8B7827EA221DC170008DE3E0 /* Officers.json */; };
		8B9117782203AD210024CCFA /* Constants.swift in Sources */ = {isa = PBXBuildFile; fileRef = 8B9117772203AD210024CCFA /* Constants.swift */; };
		8B91177E2203B4CF0024CCFA /* PersistentContainerTest.swift in Sources */ = {isa = PBXBuildFile; fileRef = 8B91177D2203B4CF0024CCFA /* PersistentContainerTest.swift */; };
		8B9117802203B7DE0024CCFA /* Numbers+Utils.swift in Sources */ = {isa = PBXBuildFile; fileRef = 8B91177F2203B7DE0024CCFA /* Numbers+Utils.swift */; };
		8BA4AC692240121300DD3721 /* AnnotationObject.swift in Sources */ = {isa = PBXBuildFile; fileRef = 8BA4AC682240121300DD3721 /* AnnotationObject.swift */; };
		8BD71704223BC9020009E038 /* MapKit+Utils.swift in Sources */ = {isa = PBXBuildFile; fileRef = 8BD71703223BC9020009E038 /* MapKit+Utils.swift */; };
		8BEBCB5121F8DC840004AFDE /* Neighbourhood+CoreDataClass.swift in Sources */ = {isa = PBXBuildFile; fileRef = 8BEBCB3B21F8DC840004AFDE /* Neighbourhood+CoreDataClass.swift */; };
		8BEBCB5221F8DC840004AFDE /* Neighbourhood+CoreDataProperties.swift in Sources */ = {isa = PBXBuildFile; fileRef = 8BEBCB3C21F8DC840004AFDE /* Neighbourhood+CoreDataProperties.swift */; };
		8BEBCB5321F8DC840004AFDE /* Event+CoreDataClass.swift in Sources */ = {isa = PBXBuildFile; fileRef = 8BEBCB3D21F8DC840004AFDE /* Event+CoreDataClass.swift */; };
		8BEBCB5421F8DC840004AFDE /* Event+CoreDataProperties.swift in Sources */ = {isa = PBXBuildFile; fileRef = 8BEBCB3E21F8DC840004AFDE /* Event+CoreDataProperties.swift */; };
		8BEBCB5521F8DC840004AFDE /* Crime+CoreDataClass.swift in Sources */ = {isa = PBXBuildFile; fileRef = 8BEBCB3F21F8DC840004AFDE /* Crime+CoreDataClass.swift */; };
		8BEBCB5621F8DC840004AFDE /* Crime+CoreDataProperties.swift in Sources */ = {isa = PBXBuildFile; fileRef = 8BEBCB4021F8DC840004AFDE /* Crime+CoreDataProperties.swift */; };
		8BEBCB5721F8DC840004AFDE /* Officer+CoreDataClass.swift in Sources */ = {isa = PBXBuildFile; fileRef = 8BEBCB4121F8DC840004AFDE /* Officer+CoreDataClass.swift */; };
		8BEBCB5821F8DC840004AFDE /* Officer+CoreDataProperties.swift in Sources */ = {isa = PBXBuildFile; fileRef = 8BEBCB4221F8DC840004AFDE /* Officer+CoreDataProperties.swift */; };
		8BEBCB5921F8DC840004AFDE /* Place+CoreDataClass.swift in Sources */ = {isa = PBXBuildFile; fileRef = 8BEBCB4321F8DC840004AFDE /* Place+CoreDataClass.swift */; };
		8BEBCB5A21F8DC840004AFDE /* Place+CoreDataProperties.swift in Sources */ = {isa = PBXBuildFile; fileRef = 8BEBCB4421F8DC840004AFDE /* Place+CoreDataProperties.swift */; };
		8BEBCB5D21F8DC840004AFDE /* Priority+CoreDataClass.swift in Sources */ = {isa = PBXBuildFile; fileRef = 8BEBCB4721F8DC840004AFDE /* Priority+CoreDataClass.swift */; };
		8BEBCB5E21F8DC840004AFDE /* Priority+CoreDataProperties.swift in Sources */ = {isa = PBXBuildFile; fileRef = 8BEBCB4821F8DC840004AFDE /* Priority+CoreDataProperties.swift */; };
		8BEBCB5F21F8DC840004AFDE /* Contact+CoreDataClass.swift in Sources */ = {isa = PBXBuildFile; fileRef = 8BEBCB4921F8DC840004AFDE /* Contact+CoreDataClass.swift */; };
		8BEBCB6021F8DC840004AFDE /* Contact+CoreDataProperties.swift in Sources */ = {isa = PBXBuildFile; fileRef = 8BEBCB4A21F8DC840004AFDE /* Contact+CoreDataProperties.swift */; };
		8BEBCB6121F8DC840004AFDE /* Outcome+CoreDataClass.swift in Sources */ = {isa = PBXBuildFile; fileRef = 8BEBCB4B21F8DC840004AFDE /* Outcome+CoreDataClass.swift */; };
		8BEBCB6221F8DC840004AFDE /* Outcome+CoreDataProperties.swift in Sources */ = {isa = PBXBuildFile; fileRef = 8BEBCB4C21F8DC840004AFDE /* Outcome+CoreDataProperties.swift */; };
		8BEBCB6321F8DC840004AFDE /* StopAndSearch+CoreDataClass.swift in Sources */ = {isa = PBXBuildFile; fileRef = 8BEBCB4D21F8DC840004AFDE /* StopAndSearch+CoreDataClass.swift */; };
		8BEBCB6421F8DC840004AFDE /* StopAndSearch+CoreDataProperties.swift in Sources */ = {isa = PBXBuildFile; fileRef = 8BEBCB4E21F8DC840004AFDE /* StopAndSearch+CoreDataProperties.swift */; };
		8BEBCB6521F8DC840004AFDE /* Force+CoreDataClass.swift in Sources */ = {isa = PBXBuildFile; fileRef = 8BEBCB4F21F8DC840004AFDE /* Force+CoreDataClass.swift */; };
		8BEBCB6621F8DC840004AFDE /* Force+CoreDataProperties.swift in Sources */ = {isa = PBXBuildFile; fileRef = 8BEBCB5021F8DC840004AFDE /* Force+CoreDataProperties.swift */; };
		8BEBCB6C21FCAAB80004AFDE /* NetworkProvider.swift in Sources */ = {isa = PBXBuildFile; fileRef = 8BEBCB6B21FCAAB80004AFDE /* NetworkProvider.swift */; };
		8BEBCB6E21FCAB090004AFDE /* URLFactory.swift in Sources */ = {isa = PBXBuildFile; fileRef = 8BEBCB6D21FCAB090004AFDE /* URLFactory.swift */; };
		8BEBCB7321FCAF150004AFDE /* JSONFiles.swift in Sources */ = {isa = PBXBuildFile; fileRef = 8BEBCB7221FCAF150004AFDE /* JSONFiles.swift */; };
		8BEBCB8D21FCFB3F0004AFDE /* Categories.swift in Sources */ = {isa = PBXBuildFile; fileRef = 8BEBCB8C21FCFB3F0004AFDE /* Categories.swift */; };
		8BEBCB9421FE187A0004AFDE /* Structs.swift in Sources */ = {isa = PBXBuildFile; fileRef = 8BEBCB9321FE187A0004AFDE /* Structs.swift */; };
		8BEBCB9821FE2E480004AFDE /* URLTests.swift in Sources */ = {isa = PBXBuildFile; fileRef = 8BEBCB9721FE2E480004AFDE /* URLTests.swift */; };
		8BEBCB9B21FF95A70004AFDE /* NetworkingTest.swift in Sources */ = {isa = PBXBuildFile; fileRef = 8BEBCB9A21FF95A70004AFDE /* NetworkingTest.swift */; };
		8BEBCB9E2200F53E0004AFDE /* PoliceUITests.swift in Sources */ = {isa = PBXBuildFile; fileRef = 8BEBCB9D2200F53E0004AFDE /* PoliceUITests.swift */; };
		8BEBCBA22200F8690004AFDE /* CategoriesTest.swift in Sources */ = {isa = PBXBuildFile; fileRef = 8BEBCBA12200F8690004AFDE /* CategoriesTest.swift */; };
		8BEBCBA4220105CE0004AFDE /* Structs.swift in Sources */ = {isa = PBXBuildFile; fileRef = 8BEBCBA3220105CE0004AFDE /* Structs.swift */; };
		8BEBCBA6220109E20004AFDE /* String+Utils.swift in Sources */ = {isa = PBXBuildFile; fileRef = 8BEBCBA5220109E20004AFDE /* String+Utils.swift */; };
		8BEBCBA8220119460004AFDE /* FileExtractorTest.swift in Sources */ = {isa = PBXBuildFile; fileRef = 8BEBCBA7220119460004AFDE /* FileExtractorTest.swift */; };
		8BEBCBAA22011A140004AFDE /* FileExtractor.swift in Sources */ = {isa = PBXBuildFile; fileRef = 8BEBCB8A21FCB2F40004AFDE /* FileExtractor.swift */; };
		8BEBCBAB22011A860004AFDE /* ListOfForces.json in Resources */ = {isa = PBXBuildFile; fileRef = 8BEBCB7021FCAE870004AFDE /* ListOfForces.json */; };
		8BEBCBAC22011A860004AFDE /* SpecificForce.json in Resources */ = {isa = PBXBuildFile; fileRef = 8BEBCB7E21FCB0170004AFDE /* SpecificForce.json */; };
		8BEBCBAD22011A860004AFDE /* Crimes.json in Resources */ = {isa = PBXBuildFile; fileRef = 8BEBCB7621FCB0160004AFDE /* Crimes.json */; };
		8BEBCBAE22011A860004AFDE /* Outcomes.json in Resources */ = {isa = PBXBuildFile; fileRef = 8BEBCB7821FCB0160004AFDE /* Outcomes.json */; };
		8BEBCBAF22011A860004AFDE /* Outcome.json in Resources */ = {isa = PBXBuildFile; fileRef = 8BEBCB7D21FCB0170004AFDE /* Outcome.json */; };
		8BEBCBB022011A860004AFDE /* Neighbourhood.json in Resources */ = {isa = PBXBuildFile; fileRef = 8BEBCB7921FCB0170004AFDE /* Neighbourhood.json */; };
		8BEBCBB122011A860004AFDE /* StopAndSearch.json in Resources */ = {isa = PBXBuildFile; fileRef = 8BEBCB7521FCB0160004AFDE /* StopAndSearch.json */; };
		8BEBCBB222011A860004AFDE /* AllForces.json in Resources */ = {isa = PBXBuildFile; fileRef = 8BEBCB8E21FD0D3D0004AFDE /* AllForces.json */; };
/* End PBXBuildFile section */

/* Begin PBXContainerItemProxy section */
		8B155ED021F131A000783C23 /* PBXContainerItemProxy */ = {
			isa = PBXContainerItemProxy;
			containerPortal = 8B155EB021F1319C00783C23 /* Project object */;
			proxyType = 1;
			remoteGlobalIDString = 8B155EB721F1319C00783C23;
			remoteInfo = Police;
		};
		8B155EDB21F131A000783C23 /* PBXContainerItemProxy */ = {
			isa = PBXContainerItemProxy;
			containerPortal = 8B155EB021F1319C00783C23 /* Project object */;
			proxyType = 1;
			remoteGlobalIDString = 8B155EB721F1319C00783C23;
			remoteInfo = Police;
		};
/* End PBXContainerItemProxy section */

/* Begin PBXFileReference section */
		8B136367223964E700ACB0B2 /* SearchResultsController.swift */ = {isa = PBXFileReference; lastKnownFileType = sourcecode.swift; path = SearchResultsController.swift; sourceTree = "<group>"; };
		8B13636B224040ED00ACB0B2 /* ClusterAnnotationView.swift */ = {isa = PBXFileReference; lastKnownFileType = sourcecode.swift; path = ClusterAnnotationView.swift; sourceTree = "<group>"; };
		8B13636D2240498400ACB0B2 /* CrimeAnnotationView.swift */ = {isa = PBXFileReference; lastKnownFileType = sourcecode.swift; path = CrimeAnnotationView.swift; sourceTree = "<group>"; };
		8B155EB821F1319C00783C23 /* Police.app */ = {isa = PBXFileReference; explicitFileType = wrapper.application; includeInIndex = 0; path = Police.app; sourceTree = BUILT_PRODUCTS_DIR; };
		8B155EBB21F1319C00783C23 /* AppDelegate.swift */ = {isa = PBXFileReference; lastKnownFileType = sourcecode.swift; path = AppDelegate.swift; sourceTree = "<group>"; };
		8B155EC321F1319C00783C23 /* Police.xcdatamodel */ = {isa = PBXFileReference; lastKnownFileType = wrapper.xcdatamodel; path = Police.xcdatamodel; sourceTree = "<group>"; };
		8B155EC521F1319F00783C23 /* Assets.xcassets */ = {isa = PBXFileReference; lastKnownFileType = folder.assetcatalog; path = Assets.xcassets; sourceTree = "<group>"; };
		8B155EC821F131A000783C23 /* Base */ = {isa = PBXFileReference; lastKnownFileType = file.storyboard; name = Base; path = Base.lproj/LaunchScreen.storyboard; sourceTree = "<group>"; };
		8B155ECF21F131A000783C23 /* PoliceTests.xctest */ = {isa = PBXFileReference; explicitFileType = wrapper.cfbundle; includeInIndex = 0; path = PoliceTests.xctest; sourceTree = BUILT_PRODUCTS_DIR; };
		8B155ED521F131A000783C23 /* Info.plist */ = {isa = PBXFileReference; lastKnownFileType = text.plist.xml; path = Info.plist; sourceTree = "<group>"; };
		8B155EDA21F131A000783C23 /* PoliceUITests.xctest */ = {isa = PBXFileReference; explicitFileType = wrapper.cfbundle; includeInIndex = 0; path = PoliceUITests.xctest; sourceTree = BUILT_PRODUCTS_DIR; };
		8B155EE021F131A000783C23 /* Info.plist */ = {isa = PBXFileReference; lastKnownFileType = text.plist.xml; path = Info.plist; sourceTree = "<group>"; };
		8B1A2F2E2238139E0022F6C0 /* Base */ = {isa = PBXFileReference; lastKnownFileType = file.storyboard; name = Base; path = Base.lproj/Main.storyboard; sourceTree = "<group>"; };
		8B1A2F30223813AE0022F6C0 /* MapViewController.swift */ = {isa = PBXFileReference; fileEncoding = 4; lastKnownFileType = sourcecode.swift; path = MapViewController.swift; sourceTree = "<group>"; };
		8B1A2F31223813AE0022F6C0 /* MapViewModel.swift */ = {isa = PBXFileReference; fileEncoding = 4; lastKnownFileType = sourcecode.swift; path = MapViewModel.swift; sourceTree = "<group>"; };
		8B1A2F34223AB4AF0022F6C0 /* StoryboardHelper.swift */ = {isa = PBXFileReference; lastKnownFileType = sourcecode.swift; path = StoryboardHelper.swift; sourceTree = "<group>"; };
		8B3DD0152219B06400B98FE5 /* NeighbourhoodEdited.json */ = {isa = PBXFileReference; fileEncoding = 4; lastKnownFileType = text.json; path = NeighbourhoodEdited.json; sourceTree = "<group>"; };
		8B3DD019221A2FEC00B98FE5 /* Events.json */ = {isa = PBXFileReference; fileEncoding = 4; lastKnownFileType = text.json; path = Events.json; sourceTree = "<group>"; };
		8B3F604021F790CA001D6651 /* CoreDataManager.swift */ = {isa = PBXFileReference; lastKnownFileType = sourcecode.swift; path = CoreDataManager.swift; sourceTree = "<group>"; };
		8B3F604C2200A1BC001D6651 /* SwiftyJSON.framework */ = {isa = PBXFileReference; lastKnownFileType = wrapper.framework; name = SwiftyJSON.framework; path = Carthage/Build/iOS/SwiftyJSON.framework; sourceTree = "<group>"; };
		8B56E2A82207548C0061D1CF /* CoreDataModelTest.swift */ = {isa = PBXFileReference; lastKnownFileType = sourcecode.swift; path = CoreDataModelTest.swift; sourceTree = "<group>"; };
		8B56E2AB220758260061D1CF /* CoreDataProtocols.swift */ = {isa = PBXFileReference; lastKnownFileType = sourcecode.swift; path = CoreDataProtocols.swift; sourceTree = "<group>"; };
		8B56E2AD2207626F0061D1CF /* UpdateProcessor.swift */ = {isa = PBXFileReference; lastKnownFileType = sourcecode.swift; path = UpdateProcessor.swift; sourceTree = "<group>"; };
		8B56E2AF22077A620061D1CF /* Crime.json */ = {isa = PBXFileReference; fileEncoding = 4; lastKnownFileType = text.json; path = Crime.json; sourceTree = "<group>"; };
		8B56E2B122077D1E0061D1CF /* CrimeEdited.json */ = {isa = PBXFileReference; fileEncoding = 4; lastKnownFileType = text.json; path = CrimeEdited.json; sourceTree = "<group>"; };
		8B5A492622274D6400AC389F /* StopAndSearchEdited.json */ = {isa = PBXFileReference; fileEncoding = 4; lastKnownFileType = text.json; path = StopAndSearchEdited.json; sourceTree = "<group>"; };
		8B5DB06222442A3600FE0324 /* Playground.playground */ = {isa = PBXFileReference; lastKnownFileType = file.playground; path = Playground.playground; sourceTree = "<group>"; xcLanguageSpecificationIdentifier = xcode.lang.swift; };
		8B5EF4612242B7CF006C47D4 /* ModelProtocols.swift */ = {isa = PBXFileReference; lastKnownFileType = sourcecode.swift; path = ModelProtocols.swift; sourceTree = "<group>"; };
		8B7827E2221B72E4008DE3E0 /* AllContacts.json */ = {isa = PBXFileReference; fileEncoding = 4; lastKnownFileType = text.json; path = AllContacts.json; sourceTree = "<group>"; };
		8B7827E4221B74DC008DE3E0 /* PartialContacts.json */ = {isa = PBXFileReference; fileEncoding = 4; lastKnownFileType = text.json; path = PartialContacts.json; sourceTree = "<group>"; };
		8B7827E6221CAB52008DE3E0 /* Priorities.json */ = {isa = PBXFileReference; fileEncoding = 4; lastKnownFileType = text.json; path = Priorities.json; sourceTree = "<group>"; };
		8B7827E8221CC411008DE3E0 /* NSDate+Utils.swift */ = {isa = PBXFileReference; fileEncoding = 4; lastKnownFileType = sourcecode.swift; path = "NSDate+Utils.swift"; sourceTree = "<group>"; };
		8B7827EA221DC170008DE3E0 /* Officers.json */ = {isa = PBXFileReference; fileEncoding = 4; lastKnownFileType = text.json; path = Officers.json; sourceTree = "<group>"; };
		8B9117772203AD210024CCFA /* Constants.swift */ = {isa = PBXFileReference; lastKnownFileType = sourcecode.swift; path = Constants.swift; sourceTree = "<group>"; };
		8B91177D2203B4CF0024CCFA /* PersistentContainerTest.swift */ = {isa = PBXFileReference; lastKnownFileType = sourcecode.swift; path = PersistentContainerTest.swift; sourceTree = "<group>"; };
		8B91177F2203B7DE0024CCFA /* Numbers+Utils.swift */ = {isa = PBXFileReference; lastKnownFileType = sourcecode.swift; path = "Numbers+Utils.swift"; sourceTree = "<group>"; };
		8BA4AC682240121300DD3721 /* AnnotationObject.swift */ = {isa = PBXFileReference; lastKnownFileType = sourcecode.swift; path = AnnotationObject.swift; sourceTree = "<group>"; };
		8BD71703223BC9020009E038 /* MapKit+Utils.swift */ = {isa = PBXFileReference; lastKnownFileType = sourcecode.swift; path = "MapKit+Utils.swift"; sourceTree = "<group>"; };
		8BEBCAE121F65CBF0004AFDE /* Info.plist */ = {isa = PBXFileReference; fileEncoding = 4; lastKnownFileType = text.plist.xml; path = Info.plist; sourceTree = "<group>"; };
		8BEBCB3B21F8DC840004AFDE /* Neighbourhood+CoreDataClass.swift */ = {isa = PBXFileReference; lastKnownFileType = sourcecode.swift; path = "Neighbourhood+CoreDataClass.swift"; sourceTree = "<group>"; };
		8BEBCB3C21F8DC840004AFDE /* Neighbourhood+CoreDataProperties.swift */ = {isa = PBXFileReference; lastKnownFileType = sourcecode.swift; path = "Neighbourhood+CoreDataProperties.swift"; sourceTree = "<group>"; };
		8BEBCB3D21F8DC840004AFDE /* Event+CoreDataClass.swift */ = {isa = PBXFileReference; lastKnownFileType = sourcecode.swift; path = "Event+CoreDataClass.swift"; sourceTree = "<group>"; };
		8BEBCB3E21F8DC840004AFDE /* Event+CoreDataProperties.swift */ = {isa = PBXFileReference; lastKnownFileType = sourcecode.swift; path = "Event+CoreDataProperties.swift"; sourceTree = "<group>"; };
		8BEBCB3F21F8DC840004AFDE /* Crime+CoreDataClass.swift */ = {isa = PBXFileReference; lastKnownFileType = sourcecode.swift; path = "Crime+CoreDataClass.swift"; sourceTree = "<group>"; };
		8BEBCB4021F8DC840004AFDE /* Crime+CoreDataProperties.swift */ = {isa = PBXFileReference; lastKnownFileType = sourcecode.swift; path = "Crime+CoreDataProperties.swift"; sourceTree = "<group>"; };
		8BEBCB4121F8DC840004AFDE /* Officer+CoreDataClass.swift */ = {isa = PBXFileReference; lastKnownFileType = sourcecode.swift; path = "Officer+CoreDataClass.swift"; sourceTree = "<group>"; };
		8BEBCB4221F8DC840004AFDE /* Officer+CoreDataProperties.swift */ = {isa = PBXFileReference; lastKnownFileType = sourcecode.swift; path = "Officer+CoreDataProperties.swift"; sourceTree = "<group>"; };
		8BEBCB4321F8DC840004AFDE /* Place+CoreDataClass.swift */ = {isa = PBXFileReference; lastKnownFileType = sourcecode.swift; path = "Place+CoreDataClass.swift"; sourceTree = "<group>"; };
		8BEBCB4421F8DC840004AFDE /* Place+CoreDataProperties.swift */ = {isa = PBXFileReference; lastKnownFileType = sourcecode.swift; path = "Place+CoreDataProperties.swift"; sourceTree = "<group>"; };
		8BEBCB4721F8DC840004AFDE /* Priority+CoreDataClass.swift */ = {isa = PBXFileReference; lastKnownFileType = sourcecode.swift; path = "Priority+CoreDataClass.swift"; sourceTree = "<group>"; };
		8BEBCB4821F8DC840004AFDE /* Priority+CoreDataProperties.swift */ = {isa = PBXFileReference; lastKnownFileType = sourcecode.swift; path = "Priority+CoreDataProperties.swift"; sourceTree = "<group>"; };
		8BEBCB4921F8DC840004AFDE /* Contact+CoreDataClass.swift */ = {isa = PBXFileReference; lastKnownFileType = sourcecode.swift; path = "Contact+CoreDataClass.swift"; sourceTree = "<group>"; };
		8BEBCB4A21F8DC840004AFDE /* Contact+CoreDataProperties.swift */ = {isa = PBXFileReference; lastKnownFileType = sourcecode.swift; path = "Contact+CoreDataProperties.swift"; sourceTree = "<group>"; };
		8BEBCB4B21F8DC840004AFDE /* Outcome+CoreDataClass.swift */ = {isa = PBXFileReference; lastKnownFileType = sourcecode.swift; path = "Outcome+CoreDataClass.swift"; sourceTree = "<group>"; };
		8BEBCB4C21F8DC840004AFDE /* Outcome+CoreDataProperties.swift */ = {isa = PBXFileReference; lastKnownFileType = sourcecode.swift; path = "Outcome+CoreDataProperties.swift"; sourceTree = "<group>"; };
		8BEBCB4D21F8DC840004AFDE /* StopAndSearch+CoreDataClass.swift */ = {isa = PBXFileReference; lastKnownFileType = sourcecode.swift; path = "StopAndSearch+CoreDataClass.swift"; sourceTree = "<group>"; };
		8BEBCB4E21F8DC840004AFDE /* StopAndSearch+CoreDataProperties.swift */ = {isa = PBXFileReference; lastKnownFileType = sourcecode.swift; path = "StopAndSearch+CoreDataProperties.swift"; sourceTree = "<group>"; };
		8BEBCB4F21F8DC840004AFDE /* Force+CoreDataClass.swift */ = {isa = PBXFileReference; lastKnownFileType = sourcecode.swift; path = "Force+CoreDataClass.swift"; sourceTree = "<group>"; };
		8BEBCB5021F8DC840004AFDE /* Force+CoreDataProperties.swift */ = {isa = PBXFileReference; lastKnownFileType = sourcecode.swift; path = "Force+CoreDataProperties.swift"; sourceTree = "<group>"; };
		8BEBCB6B21FCAAB80004AFDE /* NetworkProvider.swift */ = {isa = PBXFileReference; lastKnownFileType = sourcecode.swift; path = NetworkProvider.swift; sourceTree = "<group>"; };
		8BEBCB6D21FCAB090004AFDE /* URLFactory.swift */ = {isa = PBXFileReference; lastKnownFileType = sourcecode.swift; path = URLFactory.swift; sourceTree = "<group>"; };
		8BEBCB7021FCAE870004AFDE /* ListOfForces.json */ = {isa = PBXFileReference; lastKnownFileType = text.json; path = ListOfForces.json; sourceTree = "<group>"; xcLanguageSpecificationIdentifier = xcode.lang.json; };
		8BEBCB7221FCAF150004AFDE /* JSONFiles.swift */ = {isa = PBXFileReference; lastKnownFileType = sourcecode.swift; path = JSONFiles.swift; sourceTree = "<group>"; };
		8BEBCB7521FCB0160004AFDE /* StopAndSearch.json */ = {isa = PBXFileReference; fileEncoding = 4; lastKnownFileType = text.json; path = StopAndSearch.json; sourceTree = "<group>"; };
		8BEBCB7621FCB0160004AFDE /* Crimes.json */ = {isa = PBXFileReference; fileEncoding = 4; lastKnownFileType = text.json; path = Crimes.json; sourceTree = "<group>"; };
		8BEBCB7821FCB0160004AFDE /* Outcomes.json */ = {isa = PBXFileReference; fileEncoding = 4; lastKnownFileType = text.json; path = Outcomes.json; sourceTree = "<group>"; };
		8BEBCB7921FCB0170004AFDE /* Neighbourhood.json */ = {isa = PBXFileReference; fileEncoding = 4; lastKnownFileType = text.json; path = Neighbourhood.json; sourceTree = "<group>"; };
		8BEBCB7D21FCB0170004AFDE /* Outcome.json */ = {isa = PBXFileReference; fileEncoding = 4; lastKnownFileType = text.json; path = Outcome.json; sourceTree = "<group>"; };
		8BEBCB7E21FCB0170004AFDE /* SpecificForce.json */ = {isa = PBXFileReference; fileEncoding = 4; lastKnownFileType = text.json; path = SpecificForce.json; sourceTree = "<group>"; };
		8BEBCB8A21FCB2F40004AFDE /* FileExtractor.swift */ = {isa = PBXFileReference; lastKnownFileType = sourcecode.swift; path = FileExtractor.swift; sourceTree = "<group>"; };
		8BEBCB8C21FCFB3F0004AFDE /* Categories.swift */ = {isa = PBXFileReference; lastKnownFileType = sourcecode.swift; path = Categories.swift; sourceTree = "<group>"; };
		8BEBCB8E21FD0D3D0004AFDE /* AllForces.json */ = {isa = PBXFileReference; fileEncoding = 4; lastKnownFileType = text.json; path = AllForces.json; sourceTree = "<group>"; };
		8BEBCB9321FE187A0004AFDE /* Structs.swift */ = {isa = PBXFileReference; lastKnownFileType = sourcecode.swift; path = Structs.swift; sourceTree = "<group>"; };
		8BEBCB9721FE2E480004AFDE /* URLTests.swift */ = {isa = PBXFileReference; lastKnownFileType = sourcecode.swift; path = URLTests.swift; sourceTree = "<group>"; };
		8BEBCB9A21FF95A70004AFDE /* NetworkingTest.swift */ = {isa = PBXFileReference; lastKnownFileType = sourcecode.swift; path = NetworkingTest.swift; sourceTree = "<group>"; };
		8BEBCB9D2200F53E0004AFDE /* PoliceUITests.swift */ = {isa = PBXFileReference; lastKnownFileType = sourcecode.swift; path = PoliceUITests.swift; sourceTree = "<group>"; };
		8BEBCBA12200F8690004AFDE /* CategoriesTest.swift */ = {isa = PBXFileReference; lastKnownFileType = sourcecode.swift; path = CategoriesTest.swift; sourceTree = "<group>"; };
		8BEBCBA3220105CE0004AFDE /* Structs.swift */ = {isa = PBXFileReference; lastKnownFileType = sourcecode.swift; path = Structs.swift; sourceTree = "<group>"; };
		8BEBCBA5220109E20004AFDE /* String+Utils.swift */ = {isa = PBXFileReference; lastKnownFileType = sourcecode.swift; path = "String+Utils.swift"; sourceTree = "<group>"; };
		8BEBCBA7220119460004AFDE /* FileExtractorTest.swift */ = {isa = PBXFileReference; lastKnownFileType = sourcecode.swift; path = FileExtractorTest.swift; sourceTree = "<group>"; };
/* End PBXFileReference section */

/* Begin PBXFrameworksBuildPhase section */
		8B155EB521F1319C00783C23 /* Frameworks */ = {
			isa = PBXFrameworksBuildPhase;
			buildActionMask = 2147483647;
			files = (
				8B3F604F2200B894001D6651 /* SwiftyJSON.framework in Frameworks */,
			);
			runOnlyForDeploymentPostprocessing = 0;
		};
		8B155ECC21F131A000783C23 /* Frameworks */ = {
			isa = PBXFrameworksBuildPhase;
			buildActionMask = 2147483647;
			files = (
			);
			runOnlyForDeploymentPostprocessing = 0;
		};
		8B155ED721F131A000783C23 /* Frameworks */ = {
			isa = PBXFrameworksBuildPhase;
			buildActionMask = 2147483647;
			files = (
			);
			runOnlyForDeploymentPostprocessing = 0;
		};
/* End PBXFrameworksBuildPhase section */

/* Begin PBXGroup section */
		8B155EAF21F1319C00783C23 = {
			isa = PBXGroup;
			children = (
				8B155EBA21F1319C00783C23 /* Police */,
				8B155ED221F131A000783C23 /* PoliceTests */,
				8B155EDD21F131A000783C23 /* PoliceUITests */,
				8B155EB921F1319C00783C23 /* Products */,
				8BEBCB6821F9326F0004AFDE /* Frameworks */,
			);
			sourceTree = "<group>";
		};
		8B155EB921F1319C00783C23 /* Products */ = {
			isa = PBXGroup;
			children = (
				8B155EB821F1319C00783C23 /* Police.app */,
				8B155ECF21F131A000783C23 /* PoliceTests.xctest */,
				8B155EDA21F131A000783C23 /* PoliceUITests.xctest */,
			);
			name = Products;
			sourceTree = "<group>";
		};
		8B155EBA21F1319C00783C23 /* Police */ = {
			isa = PBXGroup;
			children = (
				8B91177A2203AD370024CCFA /* Constants */,
				8BEBCBB322011A9B0004AFDE /* Utilities */,
				8B155EEE21F1408600783C23 /* AppDelegate */,
				8B155EF221F141E800783C23 /* Extensions */,
				8B155EF321F1421A00783C23 /* Services */,
				8B155EEC21F1400600783C23 /* Model */,
				8B155EEF21F140AC00783C23 /* ViewControllers */,
				8B155EED21F1403D00783C23 /* Storyboards */,
				8B155EF021F1410E00783C23 /* Assets */,
				8B155EF121F1413300783C23 /* SupportFiles */,
			);
			path = Police;
			sourceTree = "<group>";
		};
		8B155ED221F131A000783C23 /* PoliceTests */ = {
			isa = PBXGroup;
			children = (
				8BEBCBA02200F7540004AFDE /* Model */,
				8BEBCB9F2200F7400004AFDE /* Networking */,
				8BEBCB9C21FFC3E30004AFDE /* SupportFiles */,
			);
			path = PoliceTests;
			sourceTree = "<group>";
		};
		8B155EDD21F131A000783C23 /* PoliceUITests */ = {
			isa = PBXGroup;
			children = (
				8B155EE021F131A000783C23 /* Info.plist */,
				8BEBCB9D2200F53E0004AFDE /* PoliceUITests.swift */,
			);
			path = PoliceUITests;
			sourceTree = "<group>";
		};
		8B155EEC21F1400600783C23 /* Model */ = {
			isa = PBXGroup;
			children = (
				8BEBCB9221FE184E0004AFDE /* CoreData */,
				8BEBCB8C21FCFB3F0004AFDE /* Categories.swift */,
				8BEBCB9321FE187A0004AFDE /* Structs.swift */,
				8BA4AC682240121300DD3721 /* AnnotationObject.swift */,
			);
			path = Model;
			sourceTree = "<group>";
		};
		8B155EED21F1403D00783C23 /* Storyboards */ = {
			isa = PBXGroup;
			children = (
				8B155EC721F131A000783C23 /* LaunchScreen.storyboard */,
				8B1A2F2D2238139E0022F6C0 /* Main.storyboard */,
				8B1A2F34223AB4AF0022F6C0 /* StoryboardHelper.swift */,
			);
			path = Storyboards;
			sourceTree = "<group>";
		};
		8B155EEE21F1408600783C23 /* AppDelegate */ = {
			isa = PBXGroup;
			children = (
				8B155EBB21F1319C00783C23 /* AppDelegate.swift */,
			);
			path = AppDelegate;
			sourceTree = "<group>";
		};
		8B155EEF21F140AC00783C23 /* ViewControllers */ = {
			isa = PBXGroup;
			children = (
				8B1A2F30223813AE0022F6C0 /* MapViewController.swift */,
				8B1A2F31223813AE0022F6C0 /* MapViewModel.swift */,
				8B136367223964E700ACB0B2 /* SearchResultsController.swift */,
				8B13636D2240498400ACB0B2 /* CrimeAnnotationView.swift */,
				8B13636B224040ED00ACB0B2 /* ClusterAnnotationView.swift */,
			);
			path = ViewControllers;
			sourceTree = "<group>";
		};
		8B155EF021F1410E00783C23 /* Assets */ = {
			isa = PBXGroup;
			children = (
				8B155EC521F1319F00783C23 /* Assets.xcassets */,
			);
			path = Assets;
			sourceTree = "<group>";
		};
		8B155EF121F1413300783C23 /* SupportFiles */ = {
			isa = PBXGroup;
			children = (
				8BEBCAE121F65CBF0004AFDE /* Info.plist */,
				8B5DB06222442A3600FE0324 /* Playground.playground */,
			);
			path = SupportFiles;
			sourceTree = "<group>";
		};
		8B155EF221F141E800783C23 /* Extensions */ = {
			isa = PBXGroup;
			children = (
				8BEBCBA5220109E20004AFDE /* String+Utils.swift */,
				8B7827E8221CC411008DE3E0 /* NSDate+Utils.swift */,
				8B91177F2203B7DE0024CCFA /* Numbers+Utils.swift */,
				8BD71703223BC9020009E038 /* MapKit+Utils.swift */,
			);
			path = Extensions;
			sourceTree = "<group>";
		};
		8B155EF321F1421A00783C23 /* Services */ = {
			isa = PBXGroup;
			children = (
				8B155EF421F1422C00783C23 /* CoreData */,
				8B155EF521F1424400783C23 /* Networking */,
				8B155EF621F1429400783C23 /* UpdateManager */,
				8B155EF721F142AD00783C23 /* UpdateProcessor */,
			);
			path = Services;
			sourceTree = "<group>";
		};
		8B155EF421F1422C00783C23 /* CoreData */ = {
			isa = PBXGroup;
			children = (
				8B3F604021F790CA001D6651 /* CoreDataManager.swift */,
			);
			path = CoreData;
			sourceTree = "<group>";
		};
		8B155EF521F1424400783C23 /* Networking */ = {
			isa = PBXGroup;
			children = (
				8BEBCB6B21FCAAB80004AFDE /* NetworkProvider.swift */,
				8BEBCB6D21FCAB090004AFDE /* URLFactory.swift */,
			);
			path = Networking;
			sourceTree = "<group>";
		};
		8B155EF621F1429400783C23 /* UpdateManager */ = {
			isa = PBXGroup;
			children = (
			);
			path = UpdateManager;
			sourceTree = "<group>";
		};
		8B155EF721F142AD00783C23 /* UpdateProcessor */ = {
			isa = PBXGroup;
			children = (
				8B56E2AD2207626F0061D1CF /* UpdateProcessor.swift */,
			);
			path = UpdateProcessor;
			sourceTree = "<group>";
		};
		8B3DD0122217095D00B98FE5 /* Classes */ = {
			isa = PBXGroup;
			children = (
				8BEBCB3F21F8DC840004AFDE /* Crime+CoreDataClass.swift */,
				8BEBCB3B21F8DC840004AFDE /* Neighbourhood+CoreDataClass.swift */,
				8BEBCB3D21F8DC840004AFDE /* Event+CoreDataClass.swift */,
				8BEBCB4121F8DC840004AFDE /* Officer+CoreDataClass.swift */,
				8BEBCB4321F8DC840004AFDE /* Place+CoreDataClass.swift */,
				8BEBCB4721F8DC840004AFDE /* Priority+CoreDataClass.swift */,
				8BEBCB4921F8DC840004AFDE /* Contact+CoreDataClass.swift */,
				8BEBCB4B21F8DC840004AFDE /* Outcome+CoreDataClass.swift */,
				8BEBCB4D21F8DC840004AFDE /* StopAndSearch+CoreDataClass.swift */,
				8BEBCB4F21F8DC840004AFDE /* Force+CoreDataClass.swift */,
			);
			path = Classes;
			sourceTree = "<group>";
		};
		8B3DD0142217098C00B98FE5 /* Properties */ = {
			isa = PBXGroup;
			children = (
				8BEBCB4021F8DC840004AFDE /* Crime+CoreDataProperties.swift */,
				8BEBCB3C21F8DC840004AFDE /* Neighbourhood+CoreDataProperties.swift */,
				8BEBCB3E21F8DC840004AFDE /* Event+CoreDataProperties.swift */,
				8BEBCB4221F8DC840004AFDE /* Officer+CoreDataProperties.swift */,
				8BEBCB4421F8DC840004AFDE /* Place+CoreDataProperties.swift */,
				8BEBCB4821F8DC840004AFDE /* Priority+CoreDataProperties.swift */,
				8BEBCB4A21F8DC840004AFDE /* Contact+CoreDataProperties.swift */,
				8BEBCB4C21F8DC840004AFDE /* Outcome+CoreDataProperties.swift */,
				8BEBCB4E21F8DC840004AFDE /* StopAndSearch+CoreDataProperties.swift */,
				8BEBCB5021F8DC840004AFDE /* Force+CoreDataProperties.swift */,
			);
			path = Properties;
			sourceTree = "<group>";
		};
		8B56E2AA220754920061D1CF /* CoreDataModel */ = {
			isa = PBXGroup;
			children = (
				8B56E2A82207548C0061D1CF /* CoreDataModelTest.swift */,
			);
			path = CoreDataModel;
			sourceTree = "<group>";
		};
		8B91177A2203AD370024CCFA /* Constants */ = {
			isa = PBXGroup;
			children = (
				8B9117772203AD210024CCFA /* Constants.swift */,
			);
			path = Constants;
			sourceTree = "<group>";
		};
		8BEBCB6821F9326F0004AFDE /* Frameworks */ = {
			isa = PBXGroup;
			children = (
				8B3F604C2200A1BC001D6651 /* SwiftyJSON.framework */,
			);
			name = Frameworks;
			sourceTree = "<group>";
		};
		8BEBCB6F21FCADBF0004AFDE /* JSONResponses */ = {
			isa = PBXGroup;
			children = (
				8BEBCB7221FCAF150004AFDE /* JSONFiles.swift */,
				8BEBCB7021FCAE870004AFDE /* ListOfForces.json */,
				8BEBCB7E21FCB0170004AFDE /* SpecificForce.json */,
				8BEBCB7621FCB0160004AFDE /* Crimes.json */,
				8B56E2AF22077A620061D1CF /* Crime.json */,
				8B56E2B122077D1E0061D1CF /* CrimeEdited.json */,
				8BEBCB7821FCB0160004AFDE /* Outcomes.json */,
				8BEBCB7D21FCB0170004AFDE /* Outcome.json */,
				8BEBCB7921FCB0170004AFDE /* Neighbourhood.json */,
				8B3DD0152219B06400B98FE5 /* NeighbourhoodEdited.json */,
				8B3DD019221A2FEC00B98FE5 /* Events.json */,
				8B7827E2221B72E4008DE3E0 /* AllContacts.json */,
				8B7827E4221B74DC008DE3E0 /* PartialContacts.json */,
				8B7827E6221CAB52008DE3E0 /* Priorities.json */,
				8B7827EA221DC170008DE3E0 /* Officers.json */,
				8BEBCB7521FCB0160004AFDE /* StopAndSearch.json */,
				8B5A492622274D6400AC389F /* StopAndSearchEdited.json */,
				8BEBCB8E21FD0D3D0004AFDE /* AllForces.json */,
				8BEBCBA7220119460004AFDE /* FileExtractorTest.swift */,
			);
			path = JSONResponses;
			sourceTree = "<group>";
		};
		8BEBCB9221FE184E0004AFDE /* CoreData */ = {
			isa = PBXGroup;
			children = (
				8B56E2AB220758260061D1CF /* CoreDataProtocols.swift */,
				8B5EF4612242B7CF006C47D4 /* ModelProtocols.swift */,
				8B3DD0122217095D00B98FE5 /* Classes */,
				8B3DD0142217098C00B98FE5 /* Properties */,
				8B155EC221F1319C00783C23 /* Police.xcdatamodeld */,
			);
			path = CoreData;
			sourceTree = "<group>";
		};
		8BEBCB9C21FFC3E30004AFDE /* SupportFiles */ = {
			isa = PBXGroup;
			children = (
				8B155ED521F131A000783C23 /* Info.plist */,
			);
			path = SupportFiles;
			sourceTree = "<group>";
		};
		8BEBCB9F2200F7400004AFDE /* Networking */ = {
			isa = PBXGroup;
			children = (
				8BEBCB9721FE2E480004AFDE /* URLTests.swift */,
				8BEBCB9A21FF95A70004AFDE /* NetworkingTest.swift */,
			);
			path = Networking;
			sourceTree = "<group>";
		};
		8BEBCBA02200F7540004AFDE /* Model */ = {
			isa = PBXGroup;
			children = (
				8B56E2AA220754920061D1CF /* CoreDataModel */,
				8BEBCB6F21FCADBF0004AFDE /* JSONResponses */,
				8BEBCBA12200F8690004AFDE /* CategoriesTest.swift */,
				8BEBCBA3220105CE0004AFDE /* Structs.swift */,
				8B91177D2203B4CF0024CCFA /* PersistentContainerTest.swift */,
			);
			path = Model;
			sourceTree = "<group>";
		};
		8BEBCBB322011A9B0004AFDE /* Utilities */ = {
			isa = PBXGroup;
			children = (
				8BEBCB8A21FCB2F40004AFDE /* FileExtractor.swift */,
			);
			path = Utilities;
			sourceTree = "<group>";
		};
/* End PBXGroup section */

/* Begin PBXNativeTarget section */
		8B155EB721F1319C00783C23 /* Police */ = {
			isa = PBXNativeTarget;
			buildConfigurationList = 8B155EE321F131A000783C23 /* Build configuration list for PBXNativeTarget "Police" */;
			buildPhases = (
				8B155EB421F1319C00783C23 /* Sources */,
				8B155EB521F1319C00783C23 /* Frameworks */,
				8B155EB621F1319C00783C23 /* Resources */,
				8BEBCB6721F930560004AFDE /* Carthage Copy Frameworks */,
			);
			buildRules = (
			);
			dependencies = (
			);
			name = Police;
			productName = Police;
			productReference = 8B155EB821F1319C00783C23 /* Police.app */;
			productType = "com.apple.product-type.application";
		};
		8B155ECE21F131A000783C23 /* PoliceTests */ = {
			isa = PBXNativeTarget;
			buildConfigurationList = 8B155EE621F131A000783C23 /* Build configuration list for PBXNativeTarget "PoliceTests" */;
			buildPhases = (
				8B155ECB21F131A000783C23 /* Sources */,
				8B155ECC21F131A000783C23 /* Frameworks */,
				8B155ECD21F131A000783C23 /* Resources */,
			);
			buildRules = (
			);
			dependencies = (
				8B155ED121F131A000783C23 /* PBXTargetDependency */,
			);
			name = PoliceTests;
			productName = PoliceTests;
			productReference = 8B155ECF21F131A000783C23 /* PoliceTests.xctest */;
			productType = "com.apple.product-type.bundle.unit-test";
		};
		8B155ED921F131A000783C23 /* PoliceUITests */ = {
			isa = PBXNativeTarget;
			buildConfigurationList = 8B155EE921F131A000783C23 /* Build configuration list for PBXNativeTarget "PoliceUITests" */;
			buildPhases = (
				8B155ED621F131A000783C23 /* Sources */,
				8B155ED721F131A000783C23 /* Frameworks */,
				8B155ED821F131A000783C23 /* Resources */,
			);
			buildRules = (
			);
			dependencies = (
				8B155EDC21F131A000783C23 /* PBXTargetDependency */,
			);
			name = PoliceUITests;
			productName = PoliceUITests;
			productReference = 8B155EDA21F131A000783C23 /* PoliceUITests.xctest */;
			productType = "com.apple.product-type.bundle.ui-testing";
		};
/* End PBXNativeTarget section */

/* Begin PBXProject section */
		8B155EB021F1319C00783C23 /* Project object */ = {
			isa = PBXProject;
			attributes = {
				LastSwiftUpdateCheck = 1010;
				LastUpgradeCheck = 1010;
				ORGANIZATIONNAME = RiccardoScanavacca;
				TargetAttributes = {
					8B155EB721F1319C00783C23 = {
						CreatedOnToolsVersion = 10.1;
					};
					8B155ECE21F131A000783C23 = {
						CreatedOnToolsVersion = 10.1;
						TestTargetID = 8B155EB721F1319C00783C23;
					};
					8B155ED921F131A000783C23 = {
						CreatedOnToolsVersion = 10.1;
						LastSwiftMigration = 1010;
						TestTargetID = 8B155EB721F1319C00783C23;
					};
				};
			};
			buildConfigurationList = 8B155EB321F1319C00783C23 /* Build configuration list for PBXProject "Police" */;
			compatibilityVersion = "Xcode 9.3";
			developmentRegion = en;
			hasScannedForEncodings = 0;
			knownRegions = (
				en,
				Base,
			);
			mainGroup = 8B155EAF21F1319C00783C23;
			productRefGroup = 8B155EB921F1319C00783C23 /* Products */;
			projectDirPath = "";
			projectRoot = "";
			targets = (
				8B155EB721F1319C00783C23 /* Police */,
				8B155ECE21F131A000783C23 /* PoliceTests */,
				8B155ED921F131A000783C23 /* PoliceUITests */,
			);
		};
/* End PBXProject section */

/* Begin PBXResourcesBuildPhase section */
		8B155EB621F1319C00783C23 /* Resources */ = {
			isa = PBXResourcesBuildPhase;
			buildActionMask = 2147483647;
			files = (
				8B1A2F2F2238139E0022F6C0 /* Main.storyboard in Resources */,
				8B155EC921F131A000783C23 /* LaunchScreen.storyboard in Resources */,
				8B155EC621F1319F00783C23 /* Assets.xcassets in Resources */,
			);
			runOnlyForDeploymentPostprocessing = 0;
		};
		8B155ECD21F131A000783C23 /* Resources */ = {
			isa = PBXResourcesBuildPhase;
			buildActionMask = 2147483647;
			files = (
				8B7827E3221B72E4008DE3E0 /* AllContacts.json in Resources */,
				8BEBCBB122011A860004AFDE /* StopAndSearch.json in Resources */,
				8B56E2B222077D1E0061D1CF /* CrimeEdited.json in Resources */,
				8BEBCBB222011A860004AFDE /* AllForces.json in Resources */,
				8BEBCBAF22011A860004AFDE /* Outcome.json in Resources */,
				8B7827E7221CAB52008DE3E0 /* Priorities.json in Resources */,
				8B5A492722274D6400AC389F /* StopAndSearchEdited.json in Resources */,
				8B7827EB221DC170008DE3E0 /* Officers.json in Resources */,
				8B3DD01A221A2FEC00B98FE5 /* Events.json in Resources */,
				8B7827E5221B74DC008DE3E0 /* PartialContacts.json in Resources */,
				8BEBCBAE22011A860004AFDE /* Outcomes.json in Resources */,
				8BEBCBAB22011A860004AFDE /* ListOfForces.json in Resources */,
				8BEBCBB022011A860004AFDE /* Neighbourhood.json in Resources */,
				8BEBCBAD22011A860004AFDE /* Crimes.json in Resources */,
				8B56E2B022077A620061D1CF /* Crime.json in Resources */,
				8B3DD0162219B06400B98FE5 /* NeighbourhoodEdited.json in Resources */,
				8BEBCBAC22011A860004AFDE /* SpecificForce.json in Resources */,
			);
			runOnlyForDeploymentPostprocessing = 0;
		};
		8B155ED821F131A000783C23 /* Resources */ = {
			isa = PBXResourcesBuildPhase;
			buildActionMask = 2147483647;
			files = (
			);
			runOnlyForDeploymentPostprocessing = 0;
		};
/* End PBXResourcesBuildPhase section */

/* Begin PBXShellScriptBuildPhase section */
		8BEBCB6721F930560004AFDE /* Carthage Copy Frameworks */ = {
			isa = PBXShellScriptBuildPhase;
			buildActionMask = 2147483647;
			files = (
			);
			inputFileListPaths = (
			);
			inputPaths = (
				"$(SRCROOT)/Carthage/Build/iOS/SwiftyJSON.framework",
			);
			name = "Carthage Copy Frameworks";
			outputFileListPaths = (
			);
			outputPaths = (
				"$(BUILT_PRODUCTS_DIR)/$(FRAMEWORKS_FOLDER_PATH)/SwiftyJSON.framework",
			);
			runOnlyForDeploymentPostprocessing = 0;
			shellPath = /bin/sh;
			shellScript = "/usr/local/bin/carthage copy-frameworks\n";
		};
/* End PBXShellScriptBuildPhase section */

/* Begin PBXSourcesBuildPhase section */
		8B155EB421F1319C00783C23 /* Sources */ = {
			isa = PBXSourcesBuildPhase;
			buildActionMask = 2147483647;
			files = (
				8B13636E2240498400ACB0B2 /* CrimeAnnotationView.swift in Sources */,
				8BEBCB5D21F8DC840004AFDE /* Priority+CoreDataClass.swift in Sources */,
				8B9117802203B7DE0024CCFA /* Numbers+Utils.swift in Sources */,
				8B9117782203AD210024CCFA /* Constants.swift in Sources */,
				8BEBCB6C21FCAAB80004AFDE /* NetworkProvider.swift in Sources */,
				8B7827E9221CC411008DE3E0 /* NSDate+Utils.swift in Sources */,
				8BEBCB5921F8DC840004AFDE /* Place+CoreDataClass.swift in Sources */,
				8B1A2F35223AB4AF0022F6C0 /* StoryboardHelper.swift in Sources */,
				8B56E2AC220758260061D1CF /* CoreDataProtocols.swift in Sources */,
				8BEBCB5821F8DC840004AFDE /* Officer+CoreDataProperties.swift in Sources */,
				8BEBCB5321F8DC840004AFDE /* Event+CoreDataClass.swift in Sources */,
				8BA4AC692240121300DD3721 /* AnnotationObject.swift in Sources */,
				8BEBCB5E21F8DC840004AFDE /* Priority+CoreDataProperties.swift in Sources */,
				8B136368223964E700ACB0B2 /* SearchResultsController.swift in Sources */,
				8BEBCB6021F8DC840004AFDE /* Contact+CoreDataProperties.swift in Sources */,
				8B155EBC21F1319C00783C23 /* AppDelegate.swift in Sources */,
				8BEBCBA6220109E20004AFDE /* String+Utils.swift in Sources */,
				8BEBCB5521F8DC840004AFDE /* Crime+CoreDataClass.swift in Sources */,
				8BEBCB6421F8DC840004AFDE /* StopAndSearch+CoreDataProperties.swift in Sources */,
				8B56E2AE2207626F0061D1CF /* UpdateProcessor.swift in Sources */,
				8BEBCB7321FCAF150004AFDE /* JSONFiles.swift in Sources */,
				8BEBCBAA22011A140004AFDE /* FileExtractor.swift in Sources */,
				8BEBCB5121F8DC840004AFDE /* Neighbourhood+CoreDataClass.swift in Sources */,
				8B1A2F33223813AE0022F6C0 /* MapViewModel.swift in Sources */,
				8BEBCB5A21F8DC840004AFDE /* Place+CoreDataProperties.swift in Sources */,
				8B5EF4622242B7CF006C47D4 /* ModelProtocols.swift in Sources */,
				8B3F604121F790CA001D6651 /* CoreDataManager.swift in Sources */,
				8BEBCB6621F8DC840004AFDE /* Force+CoreDataProperties.swift in Sources */,
				8BEBCB8D21FCFB3F0004AFDE /* Categories.swift in Sources */,
				8B155EC421F1319C00783C23 /* Police.xcdatamodeld in Sources */,
				8BEBCB6E21FCAB090004AFDE /* URLFactory.swift in Sources */,
				8BEBCB6521F8DC840004AFDE /* Force+CoreDataClass.swift in Sources */,
				8BEBCB5721F8DC840004AFDE /* Officer+CoreDataClass.swift in Sources */,
				8BEBCB5421F8DC840004AFDE /* Event+CoreDataProperties.swift in Sources */,
				8BD71704223BC9020009E038 /* MapKit+Utils.swift in Sources */,
				8BEBCB6321F8DC840004AFDE /* StopAndSearch+CoreDataClass.swift in Sources */,
				8BEBCB6121F8DC840004AFDE /* Outcome+CoreDataClass.swift in Sources */,
				8BEBCB5F21F8DC840004AFDE /* Contact+CoreDataClass.swift in Sources */,
				8B1A2F32223813AE0022F6C0 /* MapViewController.swift in Sources */,
				8BEBCB5621F8DC840004AFDE /* Crime+CoreDataProperties.swift in Sources */,
				8BEBCB9421FE187A0004AFDE /* Structs.swift in Sources */,
				8BEBCB6221F8DC840004AFDE /* Outcome+CoreDataProperties.swift in Sources */,
				8B13636C224040ED00ACB0B2 /* ClusterAnnotationView.swift in Sources */,
				8BEBCB5221F8DC840004AFDE /* Neighbourhood+CoreDataProperties.swift in Sources */,
			);
			runOnlyForDeploymentPostprocessing = 0;
		};
		8B155ECB21F131A000783C23 /* Sources */ = {
			isa = PBXSourcesBuildPhase;
			buildActionMask = 2147483647;
			files = (
				8BEBCBA4220105CE0004AFDE /* Structs.swift in Sources */,
				8BEBCBA8220119460004AFDE /* FileExtractorTest.swift in Sources */,
				8BEBCB9B21FF95A70004AFDE /* NetworkingTest.swift in Sources */,
				8BEBCBA22200F8690004AFDE /* CategoriesTest.swift in Sources */,
				8B91177E2203B4CF0024CCFA /* PersistentContainerTest.swift in Sources */,
				8B56E2A92207548C0061D1CF /* CoreDataModelTest.swift in Sources */,
				8BEBCB9821FE2E480004AFDE /* URLTests.swift in Sources */,
			);
			runOnlyForDeploymentPostprocessing = 0;
		};
		8B155ED621F131A000783C23 /* Sources */ = {
			isa = PBXSourcesBuildPhase;
			buildActionMask = 2147483647;
			files = (
				8BEBCB9E2200F53E0004AFDE /* PoliceUITests.swift in Sources */,
			);
			runOnlyForDeploymentPostprocessing = 0;
		};
/* End PBXSourcesBuildPhase section */

/* Begin PBXTargetDependency section */
		8B155ED121F131A000783C23 /* PBXTargetDependency */ = {
			isa = PBXTargetDependency;
			target = 8B155EB721F1319C00783C23 /* Police */;
			targetProxy = 8B155ED021F131A000783C23 /* PBXContainerItemProxy */;
		};
		8B155EDC21F131A000783C23 /* PBXTargetDependency */ = {
			isa = PBXTargetDependency;
			target = 8B155EB721F1319C00783C23 /* Police */;
			targetProxy = 8B155EDB21F131A000783C23 /* PBXContainerItemProxy */;
		};
/* End PBXTargetDependency section */

/* Begin PBXVariantGroup section */
		8B155EC721F131A000783C23 /* LaunchScreen.storyboard */ = {
			isa = PBXVariantGroup;
			children = (
				8B155EC821F131A000783C23 /* Base */,
			);
			name = LaunchScreen.storyboard;
			sourceTree = "<group>";
		};
		8B1A2F2D2238139E0022F6C0 /* Main.storyboard */ = {
			isa = PBXVariantGroup;
			children = (
				8B1A2F2E2238139E0022F6C0 /* Base */,
			);
			name = Main.storyboard;
			sourceTree = "<group>";
		};
/* End PBXVariantGroup section */

/* Begin XCBuildConfiguration section */
		8B155EE121F131A000783C23 /* Debug */ = {
			isa = XCBuildConfiguration;
			buildSettings = {
				ALWAYS_SEARCH_USER_PATHS = NO;
				CLANG_ANALYZER_NONNULL = YES;
				CLANG_ANALYZER_NUMBER_OBJECT_CONVERSION = YES_AGGRESSIVE;
				CLANG_CXX_LANGUAGE_STANDARD = "gnu++14";
				CLANG_CXX_LIBRARY = "libc++";
				CLANG_ENABLE_MODULES = YES;
				CLANG_ENABLE_OBJC_ARC = YES;
				CLANG_ENABLE_OBJC_WEAK = YES;
				CLANG_WARN_BLOCK_CAPTURE_AUTORELEASING = YES;
				CLANG_WARN_BOOL_CONVERSION = YES;
				CLANG_WARN_COMMA = YES;
				CLANG_WARN_CONSTANT_CONVERSION = YES;
				CLANG_WARN_DEPRECATED_OBJC_IMPLEMENTATIONS = YES;
				CLANG_WARN_DIRECT_OBJC_ISA_USAGE = YES_ERROR;
				CLANG_WARN_DOCUMENTATION_COMMENTS = YES;
				CLANG_WARN_EMPTY_BODY = YES;
				CLANG_WARN_ENUM_CONVERSION = YES;
				CLANG_WARN_INFINITE_RECURSION = YES;
				CLANG_WARN_INT_CONVERSION = YES;
				CLANG_WARN_NON_LITERAL_NULL_CONVERSION = YES;
				CLANG_WARN_OBJC_IMPLICIT_RETAIN_SELF = YES;
				CLANG_WARN_OBJC_LITERAL_CONVERSION = YES;
				CLANG_WARN_OBJC_ROOT_CLASS = YES_ERROR;
				CLANG_WARN_RANGE_LOOP_ANALYSIS = YES;
				CLANG_WARN_STRICT_PROTOTYPES = YES;
				CLANG_WARN_SUSPICIOUS_MOVE = YES;
				CLANG_WARN_UNGUARDED_AVAILABILITY = YES_AGGRESSIVE;
				CLANG_WARN_UNREACHABLE_CODE = YES;
				CLANG_WARN__DUPLICATE_METHOD_MATCH = YES;
				CODE_SIGN_IDENTITY = "iPhone Developer";
				COPY_PHASE_STRIP = NO;
				DEBUG_INFORMATION_FORMAT = dwarf;
				ENABLE_STRICT_OBJC_MSGSEND = YES;
				ENABLE_TESTABILITY = YES;
				GCC_C_LANGUAGE_STANDARD = gnu11;
				GCC_DYNAMIC_NO_PIC = NO;
				GCC_NO_COMMON_BLOCKS = YES;
				GCC_OPTIMIZATION_LEVEL = 0;
				GCC_PREPROCESSOR_DEFINITIONS = (
					"DEBUG=1",
					"$(inherited)",
				);
				GCC_WARN_64_TO_32_BIT_CONVERSION = YES;
				GCC_WARN_ABOUT_RETURN_TYPE = YES_ERROR;
				GCC_WARN_UNDECLARED_SELECTOR = YES;
				GCC_WARN_UNINITIALIZED_AUTOS = YES_AGGRESSIVE;
				GCC_WARN_UNUSED_FUNCTION = YES;
				GCC_WARN_UNUSED_VARIABLE = YES;
				IPHONEOS_DEPLOYMENT_TARGET = 12.1;
				MTL_ENABLE_DEBUG_INFO = INCLUDE_SOURCE;
				MTL_FAST_MATH = YES;
				ONLY_ACTIVE_ARCH = YES;
				SDKROOT = iphoneos;
				SWIFT_ACTIVE_COMPILATION_CONDITIONS = DEBUG;
				SWIFT_OPTIMIZATION_LEVEL = "-Onone";
			};
			name = Debug;
		};
		8B155EE221F131A000783C23 /* Release */ = {
			isa = XCBuildConfiguration;
			buildSettings = {
				ALWAYS_SEARCH_USER_PATHS = NO;
				CLANG_ANALYZER_NONNULL = YES;
				CLANG_ANALYZER_NUMBER_OBJECT_CONVERSION = YES_AGGRESSIVE;
				CLANG_CXX_LANGUAGE_STANDARD = "gnu++14";
				CLANG_CXX_LIBRARY = "libc++";
				CLANG_ENABLE_MODULES = YES;
				CLANG_ENABLE_OBJC_ARC = YES;
				CLANG_ENABLE_OBJC_WEAK = YES;
				CLANG_WARN_BLOCK_CAPTURE_AUTORELEASING = YES;
				CLANG_WARN_BOOL_CONVERSION = YES;
				CLANG_WARN_COMMA = YES;
				CLANG_WARN_CONSTANT_CONVERSION = YES;
				CLANG_WARN_DEPRECATED_OBJC_IMPLEMENTATIONS = YES;
				CLANG_WARN_DIRECT_OBJC_ISA_USAGE = YES_ERROR;
				CLANG_WARN_DOCUMENTATION_COMMENTS = YES;
				CLANG_WARN_EMPTY_BODY = YES;
				CLANG_WARN_ENUM_CONVERSION = YES;
				CLANG_WARN_INFINITE_RECURSION = YES;
				CLANG_WARN_INT_CONVERSION = YES;
				CLANG_WARN_NON_LITERAL_NULL_CONVERSION = YES;
				CLANG_WARN_OBJC_IMPLICIT_RETAIN_SELF = YES;
				CLANG_WARN_OBJC_LITERAL_CONVERSION = YES;
				CLANG_WARN_OBJC_ROOT_CLASS = YES_ERROR;
				CLANG_WARN_RANGE_LOOP_ANALYSIS = YES;
				CLANG_WARN_STRICT_PROTOTYPES = YES;
				CLANG_WARN_SUSPICIOUS_MOVE = YES;
				CLANG_WARN_UNGUARDED_AVAILABILITY = YES_AGGRESSIVE;
				CLANG_WARN_UNREACHABLE_CODE = YES;
				CLANG_WARN__DUPLICATE_METHOD_MATCH = YES;
				CODE_SIGN_IDENTITY = "iPhone Developer";
				COPY_PHASE_STRIP = NO;
				DEBUG_INFORMATION_FORMAT = "dwarf-with-dsym";
				ENABLE_NS_ASSERTIONS = NO;
				ENABLE_STRICT_OBJC_MSGSEND = YES;
				GCC_C_LANGUAGE_STANDARD = gnu11;
				GCC_NO_COMMON_BLOCKS = YES;
				GCC_WARN_64_TO_32_BIT_CONVERSION = YES;
				GCC_WARN_ABOUT_RETURN_TYPE = YES_ERROR;
				GCC_WARN_UNDECLARED_SELECTOR = YES;
				GCC_WARN_UNINITIALIZED_AUTOS = YES_AGGRESSIVE;
				GCC_WARN_UNUSED_FUNCTION = YES;
				GCC_WARN_UNUSED_VARIABLE = YES;
				IPHONEOS_DEPLOYMENT_TARGET = 12.1;
				MTL_ENABLE_DEBUG_INFO = NO;
				MTL_FAST_MATH = YES;
				SDKROOT = iphoneos;
				SWIFT_COMPILATION_MODE = wholemodule;
				SWIFT_OPTIMIZATION_LEVEL = "-O";
				VALIDATE_PRODUCT = YES;
			};
			name = Release;
		};
		8B155EE421F131A000783C23 /* Debug */ = {
			isa = XCBuildConfiguration;
			buildSettings = {
				ASSETCATALOG_COMPILER_APPICON_NAME = AppIcon;
				CODE_SIGN_STYLE = Automatic;
				DEVELOPMENT_TEAM = 2GM46VBD99;
				FRAMEWORK_SEARCH_PATHS = "$(PROJECT_DIR)/Carthage/Build/iOS";
				INFOPLIST_FILE = Police/SupportFiles/Info.plist;
				LD_RUNPATH_SEARCH_PATHS = (
					"$(inherited)",
					"@executable_path/Frameworks",
				);
				PRODUCT_BUNDLE_IDENTIFIER = com.riccardoscanavacca.Police;
				PRODUCT_NAME = "$(TARGET_NAME)";
				SWIFT_VERSION = 4.2;
				TARGETED_DEVICE_FAMILY = "1,2";
			};
			name = Debug;
		};
		8B155EE521F131A000783C23 /* Release */ = {
			isa = XCBuildConfiguration;
			buildSettings = {
				ASSETCATALOG_COMPILER_APPICON_NAME = AppIcon;
				CODE_SIGN_STYLE = Automatic;
				DEVELOPMENT_TEAM = 2GM46VBD99;
				FRAMEWORK_SEARCH_PATHS = "$(PROJECT_DIR)/Carthage/Build/iOS";
				INFOPLIST_FILE = Police/SupportFiles/Info.plist;
				LD_RUNPATH_SEARCH_PATHS = (
					"$(inherited)",
					"@executable_path/Frameworks",
				);
				PRODUCT_BUNDLE_IDENTIFIER = com.riccardoscanavacca.Police;
				PRODUCT_NAME = "$(TARGET_NAME)";
				SWIFT_VERSION = 4.2;
				TARGETED_DEVICE_FAMILY = "1,2";
			};
			name = Release;
		};
		8B155EE721F131A000783C23 /* Debug */ = {
			isa = XCBuildConfiguration;
			buildSettings = {
				ALWAYS_EMBED_SWIFT_STANDARD_LIBRARIES = YES;
				BUNDLE_LOADER = "$(TEST_HOST)";
				CODE_SIGN_STYLE = Automatic;
				DEVELOPMENT_TEAM = 2GM46VBD99;
				FRAMEWORK_SEARCH_PATHS = (
					"$(inherited)",
					"$(PROJECT_DIR)/Carthage/Build/iOS",
				);
				INFOPLIST_FILE = PoliceTests/SupportFiles/Info.plist;
				LD_RUNPATH_SEARCH_PATHS = (
					"$(inherited)",
					"@executable_path/Frameworks",
					"@loader_path/Frameworks",
				);
				PRODUCT_BUNDLE_IDENTIFIER = com.riccardoscanavacca.PoliceTests;
				PRODUCT_NAME = "$(TARGET_NAME)";
				SWIFT_VERSION = 4.2;
				TARGETED_DEVICE_FAMILY = "1,2";
				TEST_HOST = "$(BUILT_PRODUCTS_DIR)/Police.app/Police";
			};
			name = Debug;
		};
		8B155EE821F131A000783C23 /* Release */ = {
			isa = XCBuildConfiguration;
			buildSettings = {
				ALWAYS_EMBED_SWIFT_STANDARD_LIBRARIES = YES;
				BUNDLE_LOADER = "$(TEST_HOST)";
				CODE_SIGN_STYLE = Automatic;
				DEVELOPMENT_TEAM = 2GM46VBD99;
				FRAMEWORK_SEARCH_PATHS = (
					"$(inherited)",
					"$(PROJECT_DIR)/Carthage/Build/iOS",
				);
				INFOPLIST_FILE = PoliceTests/SupportFiles/Info.plist;
				LD_RUNPATH_SEARCH_PATHS = (
					"$(inherited)",
					"@executable_path/Frameworks",
					"@loader_path/Frameworks",
				);
				PRODUCT_BUNDLE_IDENTIFIER = com.riccardoscanavacca.PoliceTests;
				PRODUCT_NAME = "$(TARGET_NAME)";
				SWIFT_VERSION = 4.2;
				TARGETED_DEVICE_FAMILY = "1,2";
				TEST_HOST = "$(BUILT_PRODUCTS_DIR)/Police.app/Police";
			};
			name = Release;
		};
		8B155EEA21F131A000783C23 /* Debug */ = {
			isa = XCBuildConfiguration;
			buildSettings = {
				ALWAYS_EMBED_SWIFT_STANDARD_LIBRARIES = YES;
				CLANG_ENABLE_MODULES = YES;
				CODE_SIGN_STYLE = Automatic;
				DEVELOPMENT_TEAM = 2GM46VBD99;
				INFOPLIST_FILE = PoliceUITests/Info.plist;
				LD_RUNPATH_SEARCH_PATHS = (
					"$(inherited)",
					"@executable_path/Frameworks",
					"@loader_path/Frameworks",
				);
				PRODUCT_BUNDLE_IDENTIFIER = com.riccardoscanavacca.PoliceUITests;
				PRODUCT_NAME = "$(TARGET_NAME)";
				SWIFT_OPTIMIZATION_LEVEL = "-Onone";
				SWIFT_VERSION = 4.2;
				TARGETED_DEVICE_FAMILY = "1,2";
				TEST_TARGET_NAME = Police;
			};
			name = Debug;
		};
		8B155EEB21F131A000783C23 /* Release */ = {
			isa = XCBuildConfiguration;
			buildSettings = {
				ALWAYS_EMBED_SWIFT_STANDARD_LIBRARIES = YES;
				CLANG_ENABLE_MODULES = YES;
				CODE_SIGN_STYLE = Automatic;
				DEVELOPMENT_TEAM = 2GM46VBD99;
				INFOPLIST_FILE = PoliceUITests/Info.plist;
				LD_RUNPATH_SEARCH_PATHS = (
					"$(inherited)",
					"@executable_path/Frameworks",
					"@loader_path/Frameworks",
				);
				PRODUCT_BUNDLE_IDENTIFIER = com.riccardoscanavacca.PoliceUITests;
				PRODUCT_NAME = "$(TARGET_NAME)";
				SWIFT_VERSION = 4.2;
				TARGETED_DEVICE_FAMILY = "1,2";
				TEST_TARGET_NAME = Police;
			};
			name = Release;
		};
/* End XCBuildConfiguration section */

/* Begin XCConfigurationList section */
		8B155EB321F1319C00783C23 /* Build configuration list for PBXProject "Police" */ = {
			isa = XCConfigurationList;
			buildConfigurations = (
				8B155EE121F131A000783C23 /* Debug */,
				8B155EE221F131A000783C23 /* Release */,
			);
			defaultConfigurationIsVisible = 0;
			defaultConfigurationName = Release;
		};
		8B155EE321F131A000783C23 /* Build configuration list for PBXNativeTarget "Police" */ = {
			isa = XCConfigurationList;
			buildConfigurations = (
				8B155EE421F131A000783C23 /* Debug */,
				8B155EE521F131A000783C23 /* Release */,
			);
			defaultConfigurationIsVisible = 0;
			defaultConfigurationName = Release;
		};
		8B155EE621F131A000783C23 /* Build configuration list for PBXNativeTarget "PoliceTests" */ = {
			isa = XCConfigurationList;
			buildConfigurations = (
				8B155EE721F131A000783C23 /* Debug */,
				8B155EE821F131A000783C23 /* Release */,
			);
			defaultConfigurationIsVisible = 0;
			defaultConfigurationName = Release;
		};
		8B155EE921F131A000783C23 /* Build configuration list for PBXNativeTarget "PoliceUITests" */ = {
			isa = XCConfigurationList;
			buildConfigurations = (
				8B155EEA21F131A000783C23 /* Debug */,
				8B155EEB21F131A000783C23 /* Release */,
			);
			defaultConfigurationIsVisible = 0;
			defaultConfigurationName = Release;
		};
/* End XCConfigurationList section */

/* Begin XCVersionGroup section */
		8B155EC221F1319C00783C23 /* Police.xcdatamodeld */ = {
			isa = XCVersionGroup;
			children = (
				8B155EC321F1319C00783C23 /* Police.xcdatamodel */,
			);
			currentVersion = 8B155EC321F1319C00783C23 /* Police.xcdatamodel */;
			path = Police.xcdatamodeld;
			sourceTree = "<group>";
			versionGroupType = wrapper.xcdatamodel;
		};
/* End XCVersionGroup section */
	};
	rootObject = 8B155EB021F1319C00783C23 /* Project object */;
}
