// !$*UTF8*$!
{
	archiveVersion = 1;
	classes = {
	};
	objectVersion = 50;
	objects = {

/* Begin PBXBuildFile section */
		8B155EBC21F1319C00783C23 /* AppDelegate.swift in Sources */ = {isa = PBXBuildFile; fileRef = 8B155EBB21F1319C00783C23 /* AppDelegate.swift */; };
		8B155EBE21F1319C00783C23 /* ViewController.swift in Sources */ = {isa = PBXBuildFile; fileRef = 8B155EBD21F1319C00783C23 /* ViewController.swift */; };
		8B155EC121F1319C00783C23 /* Main.storyboard in Resources */ = {isa = PBXBuildFile; fileRef = 8B155EBF21F1319C00783C23 /* Main.storyboard */; };
		8B155EC421F1319C00783C23 /* Police.xcdatamodeld in Sources */ = {isa = PBXBuildFile; fileRef = 8B155EC221F1319C00783C23 /* Police.xcdatamodeld */; };
		8B155EC621F1319F00783C23 /* Assets.xcassets in Resources */ = {isa = PBXBuildFile; fileRef = 8B155EC521F1319F00783C23 /* Assets.xcassets */; };
		8B155EC921F131A000783C23 /* LaunchScreen.storyboard in Resources */ = {isa = PBXBuildFile; fileRef = 8B155EC721F131A000783C23 /* LaunchScreen.storyboard */; };
		8B155ED421F131A000783C23 /* PoliceTests.swift in Sources */ = {isa = PBXBuildFile; fileRef = 8B155ED321F131A000783C23 /* PoliceTests.swift */; };
		8B155EDF21F131A000783C23 /* PoliceUITests.swift in Sources */ = {isa = PBXBuildFile; fileRef = 8B155EDE21F131A000783C23 /* PoliceUITests.swift */; };
		8B3F604121F790CA001D6651 /* CoreDataManager.swift in Sources */ = {isa = PBXBuildFile; fileRef = 8B3F604021F790CA001D6651 /* CoreDataManager.swift */; };
		8BEBCB5121F8DC840004AFDE /* Neighbourhood+CoreDataClass.swift in Sources */ = {isa = PBXBuildFile; fileRef = 8BEBCB3B21F8DC840004AFDE /* Neighbourhood+CoreDataClass.swift */; };
		8BEBCB5221F8DC840004AFDE /* Neighbourhood+CoreDataProperties.swift in Sources */ = {isa = PBXBuildFile; fileRef = 8BEBCB3C21F8DC840004AFDE /* Neighbourhood+CoreDataProperties.swift */; };
		8BEBCB5321F8DC840004AFDE /* Event+CoreDataClass.swift in Sources */ = {isa = PBXBuildFile; fileRef = 8BEBCB3D21F8DC840004AFDE /* Event+CoreDataClass.swift */; };
		8BEBCB5421F8DC840004AFDE /* Event+CoreDataProperties.swift in Sources */ = {isa = PBXBuildFile; fileRef = 8BEBCB3E21F8DC840004AFDE /* Event+CoreDataProperties.swift */; };
		8BEBCB5521F8DC840004AFDE /* Crime+CoreDataClass.swift in Sources */ = {isa = PBXBuildFile; fileRef = 8BEBCB3F21F8DC840004AFDE /* Crime+CoreDataClass.swift */; };
		8BEBCB5621F8DC840004AFDE /* Crime+CoreDataProperties.swift in Sources */ = {isa = PBXBuildFile; fileRef = 8BEBCB4021F8DC840004AFDE /* Crime+CoreDataProperties.swift */; };
		8BEBCB5721F8DC840004AFDE /* Officer+CoreDataClass.swift in Sources */ = {isa = PBXBuildFile; fileRef = 8BEBCB4121F8DC840004AFDE /* Officer+CoreDataClass.swift */; };
		8BEBCB5821F8DC840004AFDE /* Officer+CoreDataProperties.swift in Sources */ = {isa = PBXBuildFile; fileRef = 8BEBCB4221F8DC840004AFDE /* Officer+CoreDataProperties.swift */; };
		8BEBCB5921F8DC840004AFDE /* Place+CoreDataClass.swift in Sources */ = {isa = PBXBuildFile; fileRef = 8BEBCB4321F8DC840004AFDE /* Place+CoreDataClass.swift */; };
		8BEBCB5A21F8DC840004AFDE /* Place+CoreDataProperties.swift in Sources */ = {isa = PBXBuildFile; fileRef = 8BEBCB4421F8DC840004AFDE /* Place+CoreDataProperties.swift */; };
		8BEBCB5B21F8DC840004AFDE /* Location+CoreDataClass.swift in Sources */ = {isa = PBXBuildFile; fileRef = 8BEBCB4521F8DC840004AFDE /* Location+CoreDataClass.swift */; };
		8BEBCB5C21F8DC840004AFDE /* Location+CoreDataProperties.swift in Sources */ = {isa = PBXBuildFile; fileRef = 8BEBCB4621F8DC840004AFDE /* Location+CoreDataProperties.swift */; };
		8BEBCB5D21F8DC840004AFDE /* Priority+CoreDataClass.swift in Sources */ = {isa = PBXBuildFile; fileRef = 8BEBCB4721F8DC840004AFDE /* Priority+CoreDataClass.swift */; };
		8BEBCB5E21F8DC840004AFDE /* Priority+CoreDataProperties.swift in Sources */ = {isa = PBXBuildFile; fileRef = 8BEBCB4821F8DC840004AFDE /* Priority+CoreDataProperties.swift */; };
		8BEBCB5F21F8DC840004AFDE /* Contact+CoreDataClass.swift in Sources */ = {isa = PBXBuildFile; fileRef = 8BEBCB4921F8DC840004AFDE /* Contact+CoreDataClass.swift */; };
		8BEBCB6021F8DC840004AFDE /* Contact+CoreDataProperties.swift in Sources */ = {isa = PBXBuildFile; fileRef = 8BEBCB4A21F8DC840004AFDE /* Contact+CoreDataProperties.swift */; };
		8BEBCB6121F8DC840004AFDE /* Outcome+CoreDataClass.swift in Sources */ = {isa = PBXBuildFile; fileRef = 8BEBCB4B21F8DC840004AFDE /* Outcome+CoreDataClass.swift */; };
		8BEBCB6221F8DC840004AFDE /* Outcome+CoreDataProperties.swift in Sources */ = {isa = PBXBuildFile; fileRef = 8BEBCB4C21F8DC840004AFDE /* Outcome+CoreDataProperties.swift */; };
		8BEBCB6321F8DC840004AFDE /* StopAndSearch+CoreDataClass.swift in Sources */ = {isa = PBXBuildFile; fileRef = 8BEBCB4D21F8DC840004AFDE /* StopAndSearch+CoreDataClass.swift */; };
		8BEBCB6421F8DC840004AFDE /* StopAndSearch+CoreDataProperties.swift in Sources */ = {isa = PBXBuildFile; fileRef = 8BEBCB4E21F8DC840004AFDE /* StopAndSearch+CoreDataProperties.swift */; };
		8BEBCB6521F8DC840004AFDE /* Force+CoreDataClass.swift in Sources */ = {isa = PBXBuildFile; fileRef = 8BEBCB4F21F8DC840004AFDE /* Force+CoreDataClass.swift */; };
		8BEBCB6621F8DC840004AFDE /* Force+CoreDataProperties.swift in Sources */ = {isa = PBXBuildFile; fileRef = 8BEBCB5021F8DC840004AFDE /* Force+CoreDataProperties.swift */; };
		8BEBCB6A21F932700004AFDE /* Alamofire.framework in Frameworks */ = {isa = PBXBuildFile; fileRef = 8BEBCB6921F932700004AFDE /* Alamofire.framework */; };
		8BEBCB6C21FCAAB80004AFDE /* NetworkProvider.swift in Sources */ = {isa = PBXBuildFile; fileRef = 8BEBCB6B21FCAAB80004AFDE /* NetworkProvider.swift */; };
		8BEBCB6E21FCAB090004AFDE /* URLFactory.swift in Sources */ = {isa = PBXBuildFile; fileRef = 8BEBCB6D21FCAB090004AFDE /* URLFactory.swift */; };
		8BEBCB7121FCAE870004AFDE /* ListOfForces.json in Resources */ = {isa = PBXBuildFile; fileRef = 8BEBCB7021FCAE870004AFDE /* ListOfForces.json */; };
		8BEBCB7321FCAF150004AFDE /* JSONFiles.swift in Sources */ = {isa = PBXBuildFile; fileRef = 8BEBCB7221FCAF150004AFDE /* JSONFiles.swift */; };
		8BEBCB7F21FCB0170004AFDE /* ListOfForces copy 7.json in Resources */ = {isa = PBXBuildFile; fileRef = 8BEBCB7421FCB0160004AFDE /* ListOfForces copy 7.json */; };
		8BEBCB8021FCB0170004AFDE /* ListOfForces copy 6.json in Resources */ = {isa = PBXBuildFile; fileRef = 8BEBCB7521FCB0160004AFDE /* ListOfForces copy 6.json */; };
		8BEBCB8121FCB0170004AFDE /* Crimes.json in Resources */ = {isa = PBXBuildFile; fileRef = 8BEBCB7621FCB0160004AFDE /* Crimes.json */; };
		8BEBCB8221FCB0170004AFDE /* ListOfForces copy 8.json in Resources */ = {isa = PBXBuildFile; fileRef = 8BEBCB7721FCB0160004AFDE /* ListOfForces copy 8.json */; };
		8BEBCB8321FCB0170004AFDE /* Outcomes.json in Resources */ = {isa = PBXBuildFile; fileRef = 8BEBCB7821FCB0160004AFDE /* Outcomes.json */; };
		8BEBCB8421FCB0170004AFDE /* Neighbourhood.json in Resources */ = {isa = PBXBuildFile; fileRef = 8BEBCB7921FCB0170004AFDE /* Neighbourhood.json */; };
		8BEBCB8521FCB0170004AFDE /* ListOfForces copy 10.json in Resources */ = {isa = PBXBuildFile; fileRef = 8BEBCB7A21FCB0170004AFDE /* ListOfForces copy 10.json */; };
		8BEBCB8621FCB0170004AFDE /* ListOfForces copy 9.json in Resources */ = {isa = PBXBuildFile; fileRef = 8BEBCB7B21FCB0170004AFDE /* ListOfForces copy 9.json */; };
		8BEBCB8721FCB0170004AFDE /* ListOfForces copy 11.json in Resources */ = {isa = PBXBuildFile; fileRef = 8BEBCB7C21FCB0170004AFDE /* ListOfForces copy 11.json */; };
		8BEBCB8821FCB0170004AFDE /* Outcome.json in Resources */ = {isa = PBXBuildFile; fileRef = 8BEBCB7D21FCB0170004AFDE /* Outcome.json */; };
		8BEBCB8921FCB0170004AFDE /* SpecificForce.json in Resources */ = {isa = PBXBuildFile; fileRef = 8BEBCB7E21FCB0170004AFDE /* SpecificForce.json */; };
		8BEBCB8B21FCB2F40004AFDE /* FileExtractor.swift in Sources */ = {isa = PBXBuildFile; fileRef = 8BEBCB8A21FCB2F40004AFDE /* FileExtractor.swift */; };
		8BEBCB8D21FCFB3F0004AFDE /* Categories.swift in Sources */ = {isa = PBXBuildFile; fileRef = 8BEBCB8C21FCFB3F0004AFDE /* Categories.swift */; };
		8BEBCB8F21FD0D3D0004AFDE /* AllForces.json in Resources */ = {isa = PBXBuildFile; fileRef = 8BEBCB8E21FD0D3D0004AFDE /* AllForces.json */; };
		8BEBCB9121FDE5870004AFDE /* ForceProcessor.swift in Sources */ = {isa = PBXBuildFile; fileRef = 8BEBCB9021FDE5870004AFDE /* ForceProcessor.swift */; };
		8BEBCB9421FE187A0004AFDE /* Structs.swift in Sources */ = {isa = PBXBuildFile; fileRef = 8BEBCB9321FE187A0004AFDE /* Structs.swift */; };
/* End PBXBuildFile section */

/* Begin PBXContainerItemProxy section */
		8B155ED021F131A000783C23 /* PBXContainerItemProxy */ = {
			isa = PBXContainerItemProxy;
			containerPortal = 8B155EB021F1319C00783C23 /* Project object */;
			proxyType = 1;
			remoteGlobalIDString = 8B155EB721F1319C00783C23;
			remoteInfo = Police;
		};
		8B155EDB21F131A000783C23 /* PBXContainerItemProxy */ = {
			isa = PBXContainerItemProxy;
			containerPortal = 8B155EB021F1319C00783C23 /* Project object */;
			proxyType = 1;
			remoteGlobalIDString = 8B155EB721F1319C00783C23;
			remoteInfo = Police;
		};
/* End PBXContainerItemProxy section */

/* Begin PBXFileReference section */
		8B155EB821F1319C00783C23 /* Police.app */ = {isa = PBXFileReference; explicitFileType = wrapper.application; includeInIndex = 0; path = Police.app; sourceTree = BUILT_PRODUCTS_DIR; };
		8B155EBB21F1319C00783C23 /* AppDelegate.swift */ = {isa = PBXFileReference; lastKnownFileType = sourcecode.swift; path = AppDelegate.swift; sourceTree = "<group>"; };
		8B155EBD21F1319C00783C23 /* ViewController.swift */ = {isa = PBXFileReference; lastKnownFileType = sourcecode.swift; path = ViewController.swift; sourceTree = "<group>"; };
		8B155EC021F1319C00783C23 /* Base */ = {isa = PBXFileReference; lastKnownFileType = file.storyboard; name = Base; path = Base.lproj/Main.storyboard; sourceTree = "<group>"; };
		8B155EC321F1319C00783C23 /* Police.xcdatamodel */ = {isa = PBXFileReference; lastKnownFileType = wrapper.xcdatamodel; path = Police.xcdatamodel; sourceTree = "<group>"; };
		8B155EC521F1319F00783C23 /* Assets.xcassets */ = {isa = PBXFileReference; lastKnownFileType = folder.assetcatalog; path = Assets.xcassets; sourceTree = "<group>"; };
		8B155EC821F131A000783C23 /* Base */ = {isa = PBXFileReference; lastKnownFileType = file.storyboard; name = Base; path = Base.lproj/LaunchScreen.storyboard; sourceTree = "<group>"; };
		8B155ECF21F131A000783C23 /* PoliceTests.xctest */ = {isa = PBXFileReference; explicitFileType = wrapper.cfbundle; includeInIndex = 0; path = PoliceTests.xctest; sourceTree = BUILT_PRODUCTS_DIR; };
		8B155ED321F131A000783C23 /* PoliceTests.swift */ = {isa = PBXFileReference; lastKnownFileType = sourcecode.swift; path = PoliceTests.swift; sourceTree = "<group>"; };
		8B155ED521F131A000783C23 /* Info.plist */ = {isa = PBXFileReference; lastKnownFileType = text.plist.xml; path = Info.plist; sourceTree = "<group>"; };
		8B155EDA21F131A000783C23 /* PoliceUITests.xctest */ = {isa = PBXFileReference; explicitFileType = wrapper.cfbundle; includeInIndex = 0; path = PoliceUITests.xctest; sourceTree = BUILT_PRODUCTS_DIR; };
		8B155EDE21F131A000783C23 /* PoliceUITests.swift */ = {isa = PBXFileReference; lastKnownFileType = sourcecode.swift; path = PoliceUITests.swift; sourceTree = "<group>"; };
		8B155EE021F131A000783C23 /* Info.plist */ = {isa = PBXFileReference; lastKnownFileType = text.plist.xml; path = Info.plist; sourceTree = "<group>"; };
		8B3F604021F790CA001D6651 /* CoreDataManager.swift */ = {isa = PBXFileReference; lastKnownFileType = sourcecode.swift; path = CoreDataManager.swift; sourceTree = "<group>"; };
		8BEBCAE121F65CBF0004AFDE /* Info.plist */ = {isa = PBXFileReference; fileEncoding = 4; lastKnownFileType = text.plist.xml; path = Info.plist; sourceTree = "<group>"; };
		8BEBCB3B21F8DC840004AFDE /* Neighbourhood+CoreDataClass.swift */ = {isa = PBXFileReference; lastKnownFileType = sourcecode.swift; path = "Neighbourhood+CoreDataClass.swift"; sourceTree = "<group>"; };
		8BEBCB3C21F8DC840004AFDE /* Neighbourhood+CoreDataProperties.swift */ = {isa = PBXFileReference; lastKnownFileType = sourcecode.swift; path = "Neighbourhood+CoreDataProperties.swift"; sourceTree = "<group>"; };
		8BEBCB3D21F8DC840004AFDE /* Event+CoreDataClass.swift */ = {isa = PBXFileReference; lastKnownFileType = sourcecode.swift; path = "Event+CoreDataClass.swift"; sourceTree = "<group>"; };
		8BEBCB3E21F8DC840004AFDE /* Event+CoreDataProperties.swift */ = {isa = PBXFileReference; lastKnownFileType = sourcecode.swift; path = "Event+CoreDataProperties.swift"; sourceTree = "<group>"; };
		8BEBCB3F21F8DC840004AFDE /* Crime+CoreDataClass.swift */ = {isa = PBXFileReference; lastKnownFileType = sourcecode.swift; path = "Crime+CoreDataClass.swift"; sourceTree = "<group>"; };
		8BEBCB4021F8DC840004AFDE /* Crime+CoreDataProperties.swift */ = {isa = PBXFileReference; lastKnownFileType = sourcecode.swift; path = "Crime+CoreDataProperties.swift"; sourceTree = "<group>"; };
		8BEBCB4121F8DC840004AFDE /* Officer+CoreDataClass.swift */ = {isa = PBXFileReference; lastKnownFileType = sourcecode.swift; path = "Officer+CoreDataClass.swift"; sourceTree = "<group>"; };
		8BEBCB4221F8DC840004AFDE /* Officer+CoreDataProperties.swift */ = {isa = PBXFileReference; lastKnownFileType = sourcecode.swift; path = "Officer+CoreDataProperties.swift"; sourceTree = "<group>"; };
		8BEBCB4321F8DC840004AFDE /* Place+CoreDataClass.swift */ = {isa = PBXFileReference; lastKnownFileType = sourcecode.swift; path = "Place+CoreDataClass.swift"; sourceTree = "<group>"; };
		8BEBCB4421F8DC840004AFDE /* Place+CoreDataProperties.swift */ = {isa = PBXFileReference; lastKnownFileType = sourcecode.swift; path = "Place+CoreDataProperties.swift"; sourceTree = "<group>"; };
		8BEBCB4521F8DC840004AFDE /* Location+CoreDataClass.swift */ = {isa = PBXFileReference; lastKnownFileType = sourcecode.swift; path = "Location+CoreDataClass.swift"; sourceTree = "<group>"; };
		8BEBCB4621F8DC840004AFDE /* Location+CoreDataProperties.swift */ = {isa = PBXFileReference; lastKnownFileType = sourcecode.swift; path = "Location+CoreDataProperties.swift"; sourceTree = "<group>"; };
		8BEBCB4721F8DC840004AFDE /* Priority+CoreDataClass.swift */ = {isa = PBXFileReference; lastKnownFileType = sourcecode.swift; path = "Priority+CoreDataClass.swift"; sourceTree = "<group>"; };
		8BEBCB4821F8DC840004AFDE /* Priority+CoreDataProperties.swift */ = {isa = PBXFileReference; lastKnownFileType = sourcecode.swift; path = "Priority+CoreDataProperties.swift"; sourceTree = "<group>"; };
		8BEBCB4921F8DC840004AFDE /* Contact+CoreDataClass.swift */ = {isa = PBXFileReference; lastKnownFileType = sourcecode.swift; path = "Contact+CoreDataClass.swift"; sourceTree = "<group>"; };
		8BEBCB4A21F8DC840004AFDE /* Contact+CoreDataProperties.swift */ = {isa = PBXFileReference; lastKnownFileType = sourcecode.swift; path = "Contact+CoreDataProperties.swift"; sourceTree = "<group>"; };
		8BEBCB4B21F8DC840004AFDE /* Outcome+CoreDataClass.swift */ = {isa = PBXFileReference; lastKnownFileType = sourcecode.swift; path = "Outcome+CoreDataClass.swift"; sourceTree = "<group>"; };
		8BEBCB4C21F8DC840004AFDE /* Outcome+CoreDataProperties.swift */ = {isa = PBXFileReference; lastKnownFileType = sourcecode.swift; path = "Outcome+CoreDataProperties.swift"; sourceTree = "<group>"; };
		8BEBCB4D21F8DC840004AFDE /* StopAndSearch+CoreDataClass.swift */ = {isa = PBXFileReference; lastKnownFileType = sourcecode.swift; path = "StopAndSearch+CoreDataClass.swift"; sourceTree = "<group>"; };
		8BEBCB4E21F8DC840004AFDE /* StopAndSearch+CoreDataProperties.swift */ = {isa = PBXFileReference; lastKnownFileType = sourcecode.swift; path = "StopAndSearch+CoreDataProperties.swift"; sourceTree = "<group>"; };
		8BEBCB4F21F8DC840004AFDE /* Force+CoreDataClass.swift */ = {isa = PBXFileReference; lastKnownFileType = sourcecode.swift; path = "Force+CoreDataClass.swift"; sourceTree = "<group>"; };
		8BEBCB5021F8DC840004AFDE /* Force+CoreDataProperties.swift */ = {isa = PBXFileReference; lastKnownFileType = sourcecode.swift; path = "Force+CoreDataProperties.swift"; sourceTree = "<group>"; };
		8BEBCB6921F932700004AFDE /* Alamofire.framework */ = {isa = PBXFileReference; lastKnownFileType = wrapper.framework; name = Alamofire.framework; path = Carthage/Build/iOS/Alamofire.framework; sourceTree = "<group>"; };
		8BEBCB6B21FCAAB80004AFDE /* NetworkProvider.swift */ = {isa = PBXFileReference; lastKnownFileType = sourcecode.swift; path = NetworkProvider.swift; sourceTree = "<group>"; };
		8BEBCB6D21FCAB090004AFDE /* URLFactory.swift */ = {isa = PBXFileReference; lastKnownFileType = sourcecode.swift; path = URLFactory.swift; sourceTree = "<group>"; };
		8BEBCB7021FCAE870004AFDE /* ListOfForces.json */ = {isa = PBXFileReference; lastKnownFileType = text.json; path = ListOfForces.json; sourceTree = "<group>"; xcLanguageSpecificationIdentifier = xcode.lang.json; };
		8BEBCB7221FCAF150004AFDE /* JSONFiles.swift */ = {isa = PBXFileReference; lastKnownFileType = sourcecode.swift; path = JSONFiles.swift; sourceTree = "<group>"; };
		8BEBCB7421FCB0160004AFDE /* ListOfForces copy 7.json */ = {isa = PBXFileReference; fileEncoding = 4; lastKnownFileType = text.json; path = "ListOfForces copy 7.json"; sourceTree = "<group>"; };
		8BEBCB7521FCB0160004AFDE /* ListOfForces copy 6.json */ = {isa = PBXFileReference; fileEncoding = 4; lastKnownFileType = text.json; path = "ListOfForces copy 6.json"; sourceTree = "<group>"; };
		8BEBCB7621FCB0160004AFDE /* Crimes.json */ = {isa = PBXFileReference; fileEncoding = 4; lastKnownFileType = text.json; path = Crimes.json; sourceTree = "<group>"; };
		8BEBCB7721FCB0160004AFDE /* ListOfForces copy 8.json */ = {isa = PBXFileReference; fileEncoding = 4; lastKnownFileType = text.json; path = "ListOfForces copy 8.json"; sourceTree = "<group>"; };
		8BEBCB7821FCB0160004AFDE /* Outcomes.json */ = {isa = PBXFileReference; fileEncoding = 4; lastKnownFileType = text.json; path = Outcomes.json; sourceTree = "<group>"; };
		8BEBCB7921FCB0170004AFDE /* Neighbourhood.json */ = {isa = PBXFileReference; fileEncoding = 4; lastKnownFileType = text.json; path = Neighbourhood.json; sourceTree = "<group>"; };
		8BEBCB7A21FCB0170004AFDE /* ListOfForces copy 10.json */ = {isa = PBXFileReference; fileEncoding = 4; lastKnownFileType = text.json; path = "ListOfForces copy 10.json"; sourceTree = "<group>"; };
		8BEBCB7B21FCB0170004AFDE /* ListOfForces copy 9.json */ = {isa = PBXFileReference; fileEncoding = 4; lastKnownFileType = text.json; path = "ListOfForces copy 9.json"; sourceTree = "<group>"; };
		8BEBCB7C21FCB0170004AFDE /* ListOfForces copy 11.json */ = {isa = PBXFileReference; fileEncoding = 4; lastKnownFileType = text.json; path = "ListOfForces copy 11.json"; sourceTree = "<group>"; };
		8BEBCB7D21FCB0170004AFDE /* Outcome.json */ = {isa = PBXFileReference; fileEncoding = 4; lastKnownFileType = text.json; path = Outcome.json; sourceTree = "<group>"; };
		8BEBCB7E21FCB0170004AFDE /* SpecificForce.json */ = {isa = PBXFileReference; fileEncoding = 4; lastKnownFileType = text.json; path = SpecificForce.json; sourceTree = "<group>"; };
		8BEBCB8A21FCB2F40004AFDE /* FileExtractor.swift */ = {isa = PBXFileReference; lastKnownFileType = sourcecode.swift; path = FileExtractor.swift; sourceTree = "<group>"; };
		8BEBCB8C21FCFB3F0004AFDE /* Categories.swift */ = {isa = PBXFileReference; lastKnownFileType = sourcecode.swift; path = Categories.swift; sourceTree = "<group>"; };
		8BEBCB8E21FD0D3D0004AFDE /* AllForces.json */ = {isa = PBXFileReference; fileEncoding = 4; lastKnownFileType = text.json; path = AllForces.json; sourceTree = "<group>"; };
		8BEBCB9021FDE5870004AFDE /* ForceProcessor.swift */ = {isa = PBXFileReference; lastKnownFileType = sourcecode.swift; path = ForceProcessor.swift; sourceTree = "<group>"; };
		8BEBCB9321FE187A0004AFDE /* Structs.swift */ = {isa = PBXFileReference; lastKnownFileType = sourcecode.swift; path = Structs.swift; sourceTree = "<group>"; };
/* End PBXFileReference section */

/* Begin PBXFrameworksBuildPhase section */
		8B155EB521F1319C00783C23 /* Frameworks */ = {
			isa = PBXFrameworksBuildPhase;
			buildActionMask = 2147483647;
			files = (
				8BEBCB6A21F932700004AFDE /* Alamofire.framework in Frameworks */,
			);
			runOnlyForDeploymentPostprocessing = 0;
		};
		8B155ECC21F131A000783C23 /* Frameworks */ = {
			isa = PBXFrameworksBuildPhase;
			buildActionMask = 2147483647;
			files = (
			);
			runOnlyForDeploymentPostprocessing = 0;
		};
		8B155ED721F131A000783C23 /* Frameworks */ = {
			isa = PBXFrameworksBuildPhase;
			buildActionMask = 2147483647;
			files = (
			);
			runOnlyForDeploymentPostprocessing = 0;
		};
/* End PBXFrameworksBuildPhase section */

/* Begin PBXGroup section */
		8B155EAF21F1319C00783C23 = {
			isa = PBXGroup;
			children = (
				8B155EBA21F1319C00783C23 /* Police */,
				8B155ED221F131A000783C23 /* PoliceTests */,
				8B155EDD21F131A000783C23 /* PoliceUITests */,
				8B155EB921F1319C00783C23 /* Products */,
				8BEBCB6821F9326F0004AFDE /* Frameworks */,
			);
			sourceTree = "<group>";
		};
		8B155EB921F1319C00783C23 /* Products */ = {
			isa = PBXGroup;
			children = (
				8B155EB821F1319C00783C23 /* Police.app */,
				8B155ECF21F131A000783C23 /* PoliceTests.xctest */,
				8B155EDA21F131A000783C23 /* PoliceUITests.xctest */,
			);
			name = Products;
			sourceTree = "<group>";
		};
		8B155EBA21F1319C00783C23 /* Police */ = {
			isa = PBXGroup;
			children = (
				8B155EEE21F1408600783C23 /* AppDelegate */,
				8B155EF221F141E800783C23 /* Extensions */,
				8B155EF321F1421A00783C23 /* Services */,
				8B155EEC21F1400600783C23 /* Model */,
				8B155EEF21F140AC00783C23 /* ViewControllers */,
				8B155EED21F1403D00783C23 /* Storyboards */,
				8B155EF021F1410E00783C23 /* Assets */,
				8B155EF121F1413300783C23 /* SupportFiles */,
			);
			path = Police;
			sourceTree = "<group>";
		};
		8B155ED221F131A000783C23 /* PoliceTests */ = {
			isa = PBXGroup;
			children = (
				8B155ED321F131A000783C23 /* PoliceTests.swift */,
				8B155ED521F131A000783C23 /* Info.plist */,
			);
			path = PoliceTests;
			sourceTree = "<group>";
		};
		8B155EDD21F131A000783C23 /* PoliceUITests */ = {
			isa = PBXGroup;
			children = (
				8B155EDE21F131A000783C23 /* PoliceUITests.swift */,
				8B155EE021F131A000783C23 /* Info.plist */,
			);
			path = PoliceUITests;
			sourceTree = "<group>";
		};
		8B155EEC21F1400600783C23 /* Model */ = {
			isa = PBXGroup;
			children = (
				8BEBCB9221FE184E0004AFDE /* CoreData */,
				8BEBCB8C21FCFB3F0004AFDE /* Categories.swift */,
				8BEBCB9321FE187A0004AFDE /* Structs.swift */,
			);
			path = Model;
			sourceTree = "<group>";
		};
		8B155EED21F1403D00783C23 /* Storyboards */ = {
			isa = PBXGroup;
			children = (
				8B155EC721F131A000783C23 /* LaunchScreen.storyboard */,
				8B155EBF21F1319C00783C23 /* Main.storyboard */,
			);
			path = Storyboards;
			sourceTree = "<group>";
		};
		8B155EEE21F1408600783C23 /* AppDelegate */ = {
			isa = PBXGroup;
			children = (
				8B155EBB21F1319C00783C23 /* AppDelegate.swift */,
			);
			path = AppDelegate;
			sourceTree = "<group>";
		};
		8B155EEF21F140AC00783C23 /* ViewControllers */ = {
			isa = PBXGroup;
			children = (
				8B155EBD21F1319C00783C23 /* ViewController.swift */,
				8BEBCB9021FDE5870004AFDE /* ForceProcessor.swift */,
			);
			path = ViewControllers;
			sourceTree = "<group>";
		};
		8B155EF021F1410E00783C23 /* Assets */ = {
			isa = PBXGroup;
			children = (
				8B155EC521F1319F00783C23 /* Assets.xcassets */,
			);
			path = Assets;
			sourceTree = "<group>";
		};
		8B155EF121F1413300783C23 /* SupportFiles */ = {
			isa = PBXGroup;
			children = (
				8BEBCAE121F65CBF0004AFDE /* Info.plist */,
			);
			path = SupportFiles;
			sourceTree = "<group>";
		};
		8B155EF221F141E800783C23 /* Extensions */ = {
			isa = PBXGroup;
			children = (
			);
			path = Extensions;
			sourceTree = "<group>";
		};
		8B155EF321F1421A00783C23 /* Services */ = {
			isa = PBXGroup;
			children = (
				8B155EF421F1422C00783C23 /* CoreData */,
				8B155EF521F1424400783C23 /* Networking */,
				8B155EF621F1429400783C23 /* UpdateManager */,
				8B155EF721F142AD00783C23 /* UpdateProcessor */,
			);
			path = Services;
			sourceTree = "<group>";
		};
		8B155EF421F1422C00783C23 /* CoreData */ = {
			isa = PBXGroup;
			children = (
				8B3F604021F790CA001D6651 /* CoreDataManager.swift */,
			);
			path = CoreData;
			sourceTree = "<group>";
		};
		8B155EF521F1424400783C23 /* Networking */ = {
			isa = PBXGroup;
			children = (
				8BEBCB6F21FCADBF0004AFDE /* JSONResponses */,
				8BEBCB6B21FCAAB80004AFDE /* NetworkProvider.swift */,
				8BEBCB6D21FCAB090004AFDE /* URLFactory.swift */,
			);
			path = Networking;
			sourceTree = "<group>";
		};
		8B155EF621F1429400783C23 /* UpdateManager */ = {
			isa = PBXGroup;
			children = (
			);
			path = UpdateManager;
			sourceTree = "<group>";
		};
		8B155EF721F142AD00783C23 /* UpdateProcessor */ = {
			isa = PBXGroup;
			children = (
			);
			path = UpdateProcessor;
			sourceTree = "<group>";
		};
		8BEBCB6821F9326F0004AFDE /* Frameworks */ = {
			isa = PBXGroup;
			children = (
				8BEBCB6921F932700004AFDE /* Alamofire.framework */,
			);
			name = Frameworks;
			sourceTree = "<group>";
		};
		8BEBCB6F21FCADBF0004AFDE /* JSONResponses */ = {
			isa = PBXGroup;
			children = (
				8BEBCB7221FCAF150004AFDE /* JSONFiles.swift */,
				8BEBCB7021FCAE870004AFDE /* ListOfForces.json */,
				8BEBCB7E21FCB0170004AFDE /* SpecificForce.json */,
				8BEBCB7621FCB0160004AFDE /* Crimes.json */,
				8BEBCB7821FCB0160004AFDE /* Outcomes.json */,
				8BEBCB7D21FCB0170004AFDE /* Outcome.json */,
				8BEBCB7921FCB0170004AFDE /* Neighbourhood.json */,
				8BEBCB7521FCB0160004AFDE /* ListOfForces copy 6.json */,
				8BEBCB7421FCB0160004AFDE /* ListOfForces copy 7.json */,
				8BEBCB7721FCB0160004AFDE /* ListOfForces copy 8.json */,
				8BEBCB7B21FCB0170004AFDE /* ListOfForces copy 9.json */,
				8BEBCB7A21FCB0170004AFDE /* ListOfForces copy 10.json */,
				8BEBCB7C21FCB0170004AFDE /* ListOfForces copy 11.json */,
				8BEBCB8E21FD0D3D0004AFDE /* AllForces.json */,
				8BEBCB8A21FCB2F40004AFDE /* FileExtractor.swift */,
			);
			path = JSONResponses;
			sourceTree = "<group>";
		};
		8BEBCB9221FE184E0004AFDE /* CoreData */ = {
			isa = PBXGroup;
			children = (
				8BEBCB3B21F8DC840004AFDE /* Neighbourhood+CoreDataClass.swift */,
				8BEBCB3C21F8DC840004AFDE /* Neighbourhood+CoreDataProperties.swift */,
				8BEBCB3D21F8DC840004AFDE /* Event+CoreDataClass.swift */,
				8BEBCB3E21F8DC840004AFDE /* Event+CoreDataProperties.swift */,
				8BEBCB3F21F8DC840004AFDE /* Crime+CoreDataClass.swift */,
				8BEBCB4021F8DC840004AFDE /* Crime+CoreDataProperties.swift */,
				8BEBCB4121F8DC840004AFDE /* Officer+CoreDataClass.swift */,
				8BEBCB4221F8DC840004AFDE /* Officer+CoreDataProperties.swift */,
				8BEBCB4321F8DC840004AFDE /* Place+CoreDataClass.swift */,
				8BEBCB4421F8DC840004AFDE /* Place+CoreDataProperties.swift */,
				8BEBCB4521F8DC840004AFDE /* Location+CoreDataClass.swift */,
				8BEBCB4621F8DC840004AFDE /* Location+CoreDataProperties.swift */,
				8BEBCB4721F8DC840004AFDE /* Priority+CoreDataClass.swift */,
				8BEBCB4821F8DC840004AFDE /* Priority+CoreDataProperties.swift */,
				8BEBCB4921F8DC840004AFDE /* Contact+CoreDataClass.swift */,
				8BEBCB4A21F8DC840004AFDE /* Contact+CoreDataProperties.swift */,
				8BEBCB4B21F8DC840004AFDE /* Outcome+CoreDataClass.swift */,
				8BEBCB4C21F8DC840004AFDE /* Outcome+CoreDataProperties.swift */,
				8BEBCB4D21F8DC840004AFDE /* StopAndSearch+CoreDataClass.swift */,
				8BEBCB4E21F8DC840004AFDE /* StopAndSearch+CoreDataProperties.swift */,
				8BEBCB4F21F8DC840004AFDE /* Force+CoreDataClass.swift */,
				8BEBCB5021F8DC840004AFDE /* Force+CoreDataProperties.swift */,
				8B155EC221F1319C00783C23 /* Police.xcdatamodeld */,
			);
			path = CoreData;
			sourceTree = "<group>";
		};
/* End PBXGroup section */

/* Begin PBXNativeTarget section */
		8B155EB721F1319C00783C23 /* Police */ = {
			isa = PBXNativeTarget;
			buildConfigurationList = 8B155EE321F131A000783C23 /* Build configuration list for PBXNativeTarget "Police" */;
			buildPhases = (
				8B155EB421F1319C00783C23 /* Sources */,
				8B155EB521F1319C00783C23 /* Frameworks */,
				8B155EB621F1319C00783C23 /* Resources */,
				8BEBCB6721F930560004AFDE /* Carthage Copy Frameworks */,
			);
			buildRules = (
			);
			dependencies = (
			);
			name = Police;
			productName = Police;
			productReference = 8B155EB821F1319C00783C23 /* Police.app */;
			productType = "com.apple.product-type.application";
		};
		8B155ECE21F131A000783C23 /* PoliceTests */ = {
			isa = PBXNativeTarget;
			buildConfigurationList = 8B155EE621F131A000783C23 /* Build configuration list for PBXNativeTarget "PoliceTests" */;
			buildPhases = (
				8B155ECB21F131A000783C23 /* Sources */,
				8B155ECC21F131A000783C23 /* Frameworks */,
				8B155ECD21F131A000783C23 /* Resources */,
			);
			buildRules = (
			);
			dependencies = (
				8B155ED121F131A000783C23 /* PBXTargetDependency */,
			);
			name = PoliceTests;
			productName = PoliceTests;
			productReference = 8B155ECF21F131A000783C23 /* PoliceTests.xctest */;
			productType = "com.apple.product-type.bundle.unit-test";
		};
		8B155ED921F131A000783C23 /* PoliceUITests */ = {
			isa = PBXNativeTarget;
			buildConfigurationList = 8B155EE921F131A000783C23 /* Build configuration list for PBXNativeTarget "PoliceUITests" */;
			buildPhases = (
				8B155ED621F131A000783C23 /* Sources */,
				8B155ED721F131A000783C23 /* Frameworks */,
				8B155ED821F131A000783C23 /* Resources */,
			);
			buildRules = (
			);
			dependencies = (
				8B155EDC21F131A000783C23 /* PBXTargetDependency */,
			);
			name = PoliceUITests;
			productName = PoliceUITests;
			productReference = 8B155EDA21F131A000783C23 /* PoliceUITests.xctest */;
			productType = "com.apple.product-type.bundle.ui-testing";
		};
/* End PBXNativeTarget section */

/* Begin PBXProject section */
		8B155EB021F1319C00783C23 /* Project object */ = {
			isa = PBXProject;
			attributes = {
				LastSwiftUpdateCheck = 1010;
				LastUpgradeCheck = 1010;
				ORGANIZATIONNAME = RiccardoScanavacca;
				TargetAttributes = {
					8B155EB721F1319C00783C23 = {
						CreatedOnToolsVersion = 10.1;
					};
					8B155ECE21F131A000783C23 = {
						CreatedOnToolsVersion = 10.1;
						TestTargetID = 8B155EB721F1319C00783C23;
					};
					8B155ED921F131A000783C23 = {
						CreatedOnToolsVersion = 10.1;
						TestTargetID = 8B155EB721F1319C00783C23;
					};
				};
			};
			buildConfigurationList = 8B155EB321F1319C00783C23 /* Build configuration list for PBXProject "Police" */;
			compatibilityVersion = "Xcode 9.3";
			developmentRegion = en;
			hasScannedForEncodings = 0;
			knownRegions = (
				en,
				Base,
			);
			mainGroup = 8B155EAF21F1319C00783C23;
			productRefGroup = 8B155EB921F1319C00783C23 /* Products */;
			projectDirPath = "";
			projectRoot = "";
			targets = (
				8B155EB721F1319C00783C23 /* Police */,
				8B155ECE21F131A000783C23 /* PoliceTests */,
				8B155ED921F131A000783C23 /* PoliceUITests */,
			);
		};
/* End PBXProject section */

/* Begin PBXResourcesBuildPhase section */
		8B155EB621F1319C00783C23 /* Resources */ = {
			isa = PBXResourcesBuildPhase;
			buildActionMask = 2147483647;
			files = (
				8BEBCB8821FCB0170004AFDE /* Outcome.json in Resources */,
				8BEBCB8521FCB0170004AFDE /* ListOfForces copy 10.json in Resources */,
				8BEBCB7F21FCB0170004AFDE /* ListOfForces copy 7.json in Resources */,
				8B155EC921F131A000783C23 /* LaunchScreen.storyboard in Resources */,
				8BEBCB8021FCB0170004AFDE /* ListOfForces copy 6.json in Resources */,
				8B155EC621F1319F00783C23 /* Assets.xcassets in Resources */,
				8B155EC121F1319C00783C23 /* Main.storyboard in Resources */,
				8BEBCB8421FCB0170004AFDE /* Neighbourhood.json in Resources */,
				8BEBCB8721FCB0170004AFDE /* ListOfForces copy 11.json in Resources */,
				8BEBCB8321FCB0170004AFDE /* Outcomes.json in Resources */,
				8BEBCB8121FCB0170004AFDE /* Crimes.json in Resources */,
				8BEBCB8F21FD0D3D0004AFDE /* AllForces.json in Resources */,
				8BEBCB8221FCB0170004AFDE /* ListOfForces copy 8.json in Resources */,
				8BEBCB7121FCAE870004AFDE /* ListOfForces.json in Resources */,
				8BEBCB8921FCB0170004AFDE /* SpecificForce.json in Resources */,
				8BEBCB8621FCB0170004AFDE /* ListOfForces copy 9.json in Resources */,
			);
			runOnlyForDeploymentPostprocessing = 0;
		};
		8B155ECD21F131A000783C23 /* Resources */ = {
			isa = PBXResourcesBuildPhase;
			buildActionMask = 2147483647;
			files = (
			);
			runOnlyForDeploymentPostprocessing = 0;
		};
		8B155ED821F131A000783C23 /* Resources */ = {
			isa = PBXResourcesBuildPhase;
			buildActionMask = 2147483647;
			files = (
			);
			runOnlyForDeploymentPostprocessing = 0;
		};
/* End PBXResourcesBuildPhase section */

/* Begin PBXShellScriptBuildPhase section */
		8BEBCB6721F930560004AFDE /* Carthage Copy Frameworks */ = {
			isa = PBXShellScriptBuildPhase;
			buildActionMask = 2147483647;
			files = (
			);
			inputFileListPaths = (
			);
			inputPaths = (
				"$(SRCROOT)/Carthage/Build/iOS/Alamofire.framework",
				"$(SRCROOT)/Carthage/Build/iOS/SwiftyJSON.framework",
			);
			name = "Carthage Copy Frameworks";
			outputFileListPaths = (
			);
			outputPaths = (
				"$(BUILT_PRODUCTS_DIR)/$(FRAMEWORKS_FOLDER_PATH)/Alamofire.framework",
				"$(BUILT_PRODUCTS_DIR)/$(FRAMEWORKS_FOLDER_PATH)/SwiftyJSON.framework",
			);
			runOnlyForDeploymentPostprocessing = 0;
			shellPath = /bin/sh;
			shellScript = "/usr/local/bin/carthage copy-frameworks\n";
		};
/* End PBXShellScriptBuildPhase section */

/* Begin PBXSourcesBuildPhase section */
		8B155EB421F1319C00783C23 /* Sources */ = {
			isa = PBXSourcesBuildPhase;
			buildActionMask = 2147483647;
			files = (
				8BEBCB5D21F8DC840004AFDE /* Priority+CoreDataClass.swift in Sources */,
				8BEBCB5C21F8DC840004AFDE /* Location+CoreDataProperties.swift in Sources */,
				8BEBCB6C21FCAAB80004AFDE /* NetworkProvider.swift in Sources */,
				8BEBCB5921F8DC840004AFDE /* Place+CoreDataClass.swift in Sources */,
				8BEBCB5821F8DC840004AFDE /* Officer+CoreDataProperties.swift in Sources */,
				8B155EBE21F1319C00783C23 /* ViewController.swift in Sources */,
				8BEBCB5B21F8DC840004AFDE /* Location+CoreDataClass.swift in Sources */,
				8BEBCB5321F8DC840004AFDE /* Event+CoreDataClass.swift in Sources */,
				8BEBCB5E21F8DC840004AFDE /* Priority+CoreDataProperties.swift in Sources */,
				8BEBCB6021F8DC840004AFDE /* Contact+CoreDataProperties.swift in Sources */,
				8B155EBC21F1319C00783C23 /* AppDelegate.swift in Sources */,
				8BEBCB5521F8DC840004AFDE /* Crime+CoreDataClass.swift in Sources */,
				8BEBCB6421F8DC840004AFDE /* StopAndSearch+CoreDataProperties.swift in Sources */,
				8BEBCB7321FCAF150004AFDE /* JSONFiles.swift in Sources */,
				8BEBCB5121F8DC840004AFDE /* Neighbourhood+CoreDataClass.swift in Sources */,
				8BEBCB5A21F8DC840004AFDE /* Place+CoreDataProperties.swift in Sources */,
				8B3F604121F790CA001D6651 /* CoreDataManager.swift in Sources */,
				8BEBCB6621F8DC840004AFDE /* Force+CoreDataProperties.swift in Sources */,
				8BEBCB8B21FCB2F40004AFDE /* FileExtractor.swift in Sources */,
				8BEBCB8D21FCFB3F0004AFDE /* Categories.swift in Sources */,
				8B155EC421F1319C00783C23 /* Police.xcdatamodeld in Sources */,
				8BEBCB6E21FCAB090004AFDE /* URLFactory.swift in Sources */,
				8BEBCB6521F8DC840004AFDE /* Force+CoreDataClass.swift in Sources */,
				8BEBCB5721F8DC840004AFDE /* Officer+CoreDataClass.swift in Sources */,
				8BEBCB5421F8DC840004AFDE /* Event+CoreDataProperties.swift in Sources */,
				8BEBCB6321F8DC840004AFDE /* StopAndSearch+CoreDataClass.swift in Sources */,
				8BEBCB6121F8DC840004AFDE /* Outcome+CoreDataClass.swift in Sources */,
				8BEBCB5F21F8DC840004AFDE /* Contact+CoreDataClass.swift in Sources */,
				8BEBCB5621F8DC840004AFDE /* Crime+CoreDataProperties.swift in Sources */,
				8BEBCB9421FE187A0004AFDE /* Structs.swift in Sources */,
				8BEBCB6221F8DC840004AFDE /* Outcome+CoreDataProperties.swift in Sources */,
				8BEBCB9121FDE5870004AFDE /* ForceProcessor.swift in Sources */,
				8BEBCB5221F8DC840004AFDE /* Neighbourhood+CoreDataProperties.swift in Sources */,
			);
			runOnlyForDeploymentPostprocessing = 0;
		};
		8B155ECB21F131A000783C23 /* Sources */ = {
			isa = PBXSourcesBuildPhase;
			buildActionMask = 2147483647;
			files = (
				8B155ED421F131A000783C23 /* PoliceTests.swift in Sources */,
			);
			runOnlyForDeploymentPostprocessing = 0;
		};
		8B155ED621F131A000783C23 /* Sources */ = {
			isa = PBXSourcesBuildPhase;
			buildActionMask = 2147483647;
			files = (
				8B155EDF21F131A000783C23 /* PoliceUITests.swift in Sources */,
			);
			runOnlyForDeploymentPostprocessing = 0;
		};
/* End PBXSourcesBuildPhase section */

/* Begin PBXTargetDependency section */
		8B155ED121F131A000783C23 /* PBXTargetDependency */ = {
			isa = PBXTargetDependency;
			target = 8B155EB721F1319C00783C23 /* Police */;
			targetProxy = 8B155ED021F131A000783C23 /* PBXContainerItemProxy */;
		};
		8B155EDC21F131A000783C23 /* PBXTargetDependency */ = {
			isa = PBXTargetDependency;
			target = 8B155EB721F1319C00783C23 /* Police */;
			targetProxy = 8B155EDB21F131A000783C23 /* PBXContainerItemProxy */;
		};
/* End PBXTargetDependency section */

/* Begin PBXVariantGroup section */
		8B155EBF21F1319C00783C23 /* Main.storyboard */ = {
			isa = PBXVariantGroup;
			children = (
				8B155EC021F1319C00783C23 /* Base */,
			);
			name = Main.storyboard;
			sourceTree = "<group>";
		};
		8B155EC721F131A000783C23 /* LaunchScreen.storyboard */ = {
			isa = PBXVariantGroup;
			children = (
				8B155EC821F131A000783C23 /* Base */,
			);
			name = LaunchScreen.storyboard;
			sourceTree = "<group>";
		};
/* End PBXVariantGroup section */

/* Begin XCBuildConfiguration section */
		8B155EE121F131A000783C23 /* Debug */ = {
			isa = XCBuildConfiguration;
			buildSettings = {
				ALWAYS_SEARCH_USER_PATHS = NO;
				CLANG_ANALYZER_NONNULL = YES;
				CLANG_ANALYZER_NUMBER_OBJECT_CONVERSION = YES_AGGRESSIVE;
				CLANG_CXX_LANGUAGE_STANDARD = "gnu++14";
				CLANG_CXX_LIBRARY = "libc++";
				CLANG_ENABLE_MODULES = YES;
				CLANG_ENABLE_OBJC_ARC = YES;
				CLANG_ENABLE_OBJC_WEAK = YES;
				CLANG_WARN_BLOCK_CAPTURE_AUTORELEASING = YES;
				CLANG_WARN_BOOL_CONVERSION = YES;
				CLANG_WARN_COMMA = YES;
				CLANG_WARN_CONSTANT_CONVERSION = YES;
				CLANG_WARN_DEPRECATED_OBJC_IMPLEMENTATIONS = YES;
				CLANG_WARN_DIRECT_OBJC_ISA_USAGE = YES_ERROR;
				CLANG_WARN_DOCUMENTATION_COMMENTS = YES;
				CLANG_WARN_EMPTY_BODY = YES;
				CLANG_WARN_ENUM_CONVERSION = YES;
				CLANG_WARN_INFINITE_RECURSION = YES;
				CLANG_WARN_INT_CONVERSION = YES;
				CLANG_WARN_NON_LITERAL_NULL_CONVERSION = YES;
				CLANG_WARN_OBJC_IMPLICIT_RETAIN_SELF = YES;
				CLANG_WARN_OBJC_LITERAL_CONVERSION = YES;
				CLANG_WARN_OBJC_ROOT_CLASS = YES_ERROR;
				CLANG_WARN_RANGE_LOOP_ANALYSIS = YES;
				CLANG_WARN_STRICT_PROTOTYPES = YES;
				CLANG_WARN_SUSPICIOUS_MOVE = YES;
				CLANG_WARN_UNGUARDED_AVAILABILITY = YES_AGGRESSIVE;
				CLANG_WARN_UNREACHABLE_CODE = YES;
				CLANG_WARN__DUPLICATE_METHOD_MATCH = YES;
				CODE_SIGN_IDENTITY = "iPhone Developer";
				COPY_PHASE_STRIP = NO;
				DEBUG_INFORMATION_FORMAT = dwarf;
				ENABLE_STRICT_OBJC_MSGSEND = YES;
				ENABLE_TESTABILITY = YES;
				GCC_C_LANGUAGE_STANDARD = gnu11;
				GCC_DYNAMIC_NO_PIC = NO;
				GCC_NO_COMMON_BLOCKS = YES;
				GCC_OPTIMIZATION_LEVEL = 0;
				GCC_PREPROCESSOR_DEFINITIONS = (
					"DEBUG=1",
					"$(inherited)",
				);
				GCC_WARN_64_TO_32_BIT_CONVERSION = YES;
				GCC_WARN_ABOUT_RETURN_TYPE = YES_ERROR;
				GCC_WARN_UNDECLARED_SELECTOR = YES;
				GCC_WARN_UNINITIALIZED_AUTOS = YES_AGGRESSIVE;
				GCC_WARN_UNUSED_FUNCTION = YES;
				GCC_WARN_UNUSED_VARIABLE = YES;
				IPHONEOS_DEPLOYMENT_TARGET = 12.1;
				MTL_ENABLE_DEBUG_INFO = INCLUDE_SOURCE;
				MTL_FAST_MATH = YES;
				ONLY_ACTIVE_ARCH = YES;
				SDKROOT = iphoneos;
				SWIFT_ACTIVE_COMPILATION_CONDITIONS = DEBUG;
				SWIFT_OPTIMIZATION_LEVEL = "-Onone";
			};
			name = Debug;
		};
		8B155EE221F131A000783C23 /* Release */ = {
			isa = XCBuildConfiguration;
			buildSettings = {
				ALWAYS_SEARCH_USER_PATHS = NO;
				CLANG_ANALYZER_NONNULL = YES;
				CLANG_ANALYZER_NUMBER_OBJECT_CONVERSION = YES_AGGRESSIVE;
				CLANG_CXX_LANGUAGE_STANDARD = "gnu++14";
				CLANG_CXX_LIBRARY = "libc++";
				CLANG_ENABLE_MODULES = YES;
				CLANG_ENABLE_OBJC_ARC = YES;
				CLANG_ENABLE_OBJC_WEAK = YES;
				CLANG_WARN_BLOCK_CAPTURE_AUTORELEASING = YES;
				CLANG_WARN_BOOL_CONVERSION = YES;
				CLANG_WARN_COMMA = YES;
				CLANG_WARN_CONSTANT_CONVERSION = YES;
				CLANG_WARN_DEPRECATED_OBJC_IMPLEMENTATIONS = YES;
				CLANG_WARN_DIRECT_OBJC_ISA_USAGE = YES_ERROR;
				CLANG_WARN_DOCUMENTATION_COMMENTS = YES;
				CLANG_WARN_EMPTY_BODY = YES;
				CLANG_WARN_ENUM_CONVERSION = YES;
				CLANG_WARN_INFINITE_RECURSION = YES;
				CLANG_WARN_INT_CONVERSION = YES;
				CLANG_WARN_NON_LITERAL_NULL_CONVERSION = YES;
				CLANG_WARN_OBJC_IMPLICIT_RETAIN_SELF = YES;
				CLANG_WARN_OBJC_LITERAL_CONVERSION = YES;
				CLANG_WARN_OBJC_ROOT_CLASS = YES_ERROR;
				CLANG_WARN_RANGE_LOOP_ANALYSIS = YES;
				CLANG_WARN_STRICT_PROTOTYPES = YES;
				CLANG_WARN_SUSPICIOUS_MOVE = YES;
				CLANG_WARN_UNGUARDED_AVAILABILITY = YES_AGGRESSIVE;
				CLANG_WARN_UNREACHABLE_CODE = YES;
				CLANG_WARN__DUPLICATE_METHOD_MATCH = YES;
				CODE_SIGN_IDENTITY = "iPhone Developer";
				COPY_PHASE_STRIP = NO;
				DEBUG_INFORMATION_FORMAT = "dwarf-with-dsym";
				ENABLE_NS_ASSERTIONS = NO;
				ENABLE_STRICT_OBJC_MSGSEND = YES;
				GCC_C_LANGUAGE_STANDARD = gnu11;
				GCC_NO_COMMON_BLOCKS = YES;
				GCC_WARN_64_TO_32_BIT_CONVERSION = YES;
				GCC_WARN_ABOUT_RETURN_TYPE = YES_ERROR;
				GCC_WARN_UNDECLARED_SELECTOR = YES;
				GCC_WARN_UNINITIALIZED_AUTOS = YES_AGGRESSIVE;
				GCC_WARN_UNUSED_FUNCTION = YES;
				GCC_WARN_UNUSED_VARIABLE = YES;
				IPHONEOS_DEPLOYMENT_TARGET = 12.1;
				MTL_ENABLE_DEBUG_INFO = NO;
				MTL_FAST_MATH = YES;
				SDKROOT = iphoneos;
				SWIFT_COMPILATION_MODE = wholemodule;
				SWIFT_OPTIMIZATION_LEVEL = "-O";
				VALIDATE_PRODUCT = YES;
			};
			name = Release;
		};
		8B155EE421F131A000783C23 /* Debug */ = {
			isa = XCBuildConfiguration;
			buildSettings = {
				ASSETCATALOG_COMPILER_APPICON_NAME = AppIcon;
				CODE_SIGN_STYLE = Automatic;
				DEVELOPMENT_TEAM = 2GM46VBD99;
				FRAMEWORK_SEARCH_PATHS = (
					"$(inherited)",
					"$(PROJECT_DIR)/Carthage/Build/iOS",
				);
				INFOPLIST_FILE = Police/SupportFiles/Info.plist;
				LD_RUNPATH_SEARCH_PATHS = (
					"$(inherited)",
					"@executable_path/Frameworks",
				);
				PRODUCT_BUNDLE_IDENTIFIER = com.riccardoscanavacca.Police;
				PRODUCT_NAME = "$(TARGET_NAME)";
				SWIFT_VERSION = 4.2;
				TARGETED_DEVICE_FAMILY = "1,2";
			};
			name = Debug;
		};
		8B155EE521F131A000783C23 /* Release */ = {
			isa = XCBuildConfiguration;
			buildSettings = {
				ASSETCATALOG_COMPILER_APPICON_NAME = AppIcon;
				CODE_SIGN_STYLE = Automatic;
				DEVELOPMENT_TEAM = 2GM46VBD99;
				FRAMEWORK_SEARCH_PATHS = (
					"$(inherited)",
					"$(PROJECT_DIR)/Carthage/Build/iOS",
				);
				INFOPLIST_FILE = Police/SupportFiles/Info.plist;
				LD_RUNPATH_SEARCH_PATHS = (
					"$(inherited)",
					"@executable_path/Frameworks",
				);
				PRODUCT_BUNDLE_IDENTIFIER = com.riccardoscanavacca.Police;
				PRODUCT_NAME = "$(TARGET_NAME)";
				SWIFT_VERSION = 4.2;
				TARGETED_DEVICE_FAMILY = "1,2";
			};
			name = Release;
		};
		8B155EE721F131A000783C23 /* Debug */ = {
			isa = XCBuildConfiguration;
			buildSettings = {
				ALWAYS_EMBED_SWIFT_STANDARD_LIBRARIES = YES;
				BUNDLE_LOADER = "$(TEST_HOST)";
				CODE_SIGN_STYLE = Automatic;
				DEVELOPMENT_TEAM = 2GM46VBD99;
				INFOPLIST_FILE = PoliceTests/Info.plist;
				LD_RUNPATH_SEARCH_PATHS = (
					"$(inherited)",
					"@executable_path/Frameworks",
					"@loader_path/Frameworks",
				);
				PRODUCT_BUNDLE_IDENTIFIER = com.riccardoscanavacca.PoliceTests;
				PRODUCT_NAME = "$(TARGET_NAME)";
				SWIFT_VERSION = 4.2;
				TARGETED_DEVICE_FAMILY = "1,2";
				TEST_HOST = "$(BUILT_PRODUCTS_DIR)/Police.app/Police";
			};
			name = Debug;
		};
		8B155EE821F131A000783C23 /* Release */ = {
			isa = XCBuildConfiguration;
			buildSettings = {
				ALWAYS_EMBED_SWIFT_STANDARD_LIBRARIES = YES;
				BUNDLE_LOADER = "$(TEST_HOST)";
				CODE_SIGN_STYLE = Automatic;
				DEVELOPMENT_TEAM = 2GM46VBD99;
				INFOPLIST_FILE = PoliceTests/Info.plist;
				LD_RUNPATH_SEARCH_PATHS = (
					"$(inherited)",
					"@executable_path/Frameworks",
					"@loader_path/Frameworks",
				);
				PRODUCT_BUNDLE_IDENTIFIER = com.riccardoscanavacca.PoliceTests;
				PRODUCT_NAME = "$(TARGET_NAME)";
				SWIFT_VERSION = 4.2;
				TARGETED_DEVICE_FAMILY = "1,2";
				TEST_HOST = "$(BUILT_PRODUCTS_DIR)/Police.app/Police";
			};
			name = Release;
		};
		8B155EEA21F131A000783C23 /* Debug */ = {
			isa = XCBuildConfiguration;
			buildSettings = {
				ALWAYS_EMBED_SWIFT_STANDARD_LIBRARIES = YES;
				CODE_SIGN_STYLE = Automatic;
				DEVELOPMENT_TEAM = 2GM46VBD99;
				INFOPLIST_FILE = PoliceUITests/Info.plist;
				LD_RUNPATH_SEARCH_PATHS = (
					"$(inherited)",
					"@executable_path/Frameworks",
					"@loader_path/Frameworks",
				);
				PRODUCT_BUNDLE_IDENTIFIER = com.riccardoscanavacca.PoliceUITests;
				PRODUCT_NAME = "$(TARGET_NAME)";
				SWIFT_VERSION = 4.2;
				TARGETED_DEVICE_FAMILY = "1,2";
				TEST_TARGET_NAME = Police;
			};
			name = Debug;
		};
		8B155EEB21F131A000783C23 /* Release */ = {
			isa = XCBuildConfiguration;
			buildSettings = {
				ALWAYS_EMBED_SWIFT_STANDARD_LIBRARIES = YES;
				CODE_SIGN_STYLE = Automatic;
				DEVELOPMENT_TEAM = 2GM46VBD99;
				INFOPLIST_FILE = PoliceUITests/Info.plist;
				LD_RUNPATH_SEARCH_PATHS = (
					"$(inherited)",
					"@executable_path/Frameworks",
					"@loader_path/Frameworks",
				);
				PRODUCT_BUNDLE_IDENTIFIER = com.riccardoscanavacca.PoliceUITests;
				PRODUCT_NAME = "$(TARGET_NAME)";
				SWIFT_VERSION = 4.2;
				TARGETED_DEVICE_FAMILY = "1,2";
				TEST_TARGET_NAME = Police;
			};
			name = Release;
		};
/* End XCBuildConfiguration section */

/* Begin XCConfigurationList section */
		8B155EB321F1319C00783C23 /* Build configuration list for PBXProject "Police" */ = {
			isa = XCConfigurationList;
			buildConfigurations = (
				8B155EE121F131A000783C23 /* Debug */,
				8B155EE221F131A000783C23 /* Release */,
			);
			defaultConfigurationIsVisible = 0;
			defaultConfigurationName = Release;
		};
		8B155EE321F131A000783C23 /* Build configuration list for PBXNativeTarget "Police" */ = {
			isa = XCConfigurationList;
			buildConfigurations = (
				8B155EE421F131A000783C23 /* Debug */,
				8B155EE521F131A000783C23 /* Release */,
			);
			defaultConfigurationIsVisible = 0;
			defaultConfigurationName = Release;
		};
		8B155EE621F131A000783C23 /* Build configuration list for PBXNativeTarget "PoliceTests" */ = {
			isa = XCConfigurationList;
			buildConfigurations = (
				8B155EE721F131A000783C23 /* Debug */,
				8B155EE821F131A000783C23 /* Release */,
			);
			defaultConfigurationIsVisible = 0;
			defaultConfigurationName = Release;
		};
		8B155EE921F131A000783C23 /* Build configuration list for PBXNativeTarget "PoliceUITests" */ = {
			isa = XCConfigurationList;
			buildConfigurations = (
				8B155EEA21F131A000783C23 /* Debug */,
				8B155EEB21F131A000783C23 /* Release */,
			);
			defaultConfigurationIsVisible = 0;
			defaultConfigurationName = Release;
		};
/* End XCConfigurationList section */

/* Begin XCVersionGroup section */
		8B155EC221F1319C00783C23 /* Police.xcdatamodeld */ = {
			isa = XCVersionGroup;
			children = (
				8B155EC321F1319C00783C23 /* Police.xcdatamodel */,
			);
			currentVersion = 8B155EC321F1319C00783C23 /* Police.xcdatamodel */;
			path = Police.xcdatamodeld;
			sourceTree = "<group>";
			versionGroupType = wrapper.xcdatamodel;
		};
/* End XCVersionGroup section */
	};
	rootObject = 8B155EB021F1319C00783C23 /* Project object */;
}
